<?xml version="1.0" encoding="UTF-8" standalone="yes" ?>
<CodeBlocks_project_file>
	<FileVersion major="1" minor="6" />
	<Project>
		<Option title="OgreAL" />
		<Option pch_mode="2" />
		<Option compiler="gcc" />
		<Build>
			<Target title="Debug">
				<Option output="../lib/libOgreAL_d" prefix_auto="1" extension_auto="1" />
				<Option working_dir="" />
				<Option object_output="Debug" />
				<Option type="2" />
				<Option compiler="gcc" />
				<Option createDefFile="1" />
				<Compiler>
					<Add option="-pg" />
					<Add option="-g" />
				</Compiler>
				<Linker>
					<Add option="-pg" />
				</Linker>
			</Target>
			<Target title="Release">
				<Option output="../lib/libOgreAL" prefix_auto="1" extension_auto="1" />
				<Option working_dir="" />
				<Option object_output="Release" />
				<Option type="2" />
				<Option compiler="gcc" />
				<Option createDefFile="1" />
				<Compiler>
					<Add option="-O3" />
				</Compiler>
				<Linker>
					<Add option="-s" />
					<Add directory="$(OGRE_SRC)/OgreMain/lib/Release" />
					<Add directory="$(OGRE_HOME)/bin/Release" />
					<Add directory="$(OPENAL_SDK)/libs/Win32" />
					<Add directory="$(ALUT_BIN)/lib" />
					<Add directory="../../ogg/win32/Static_Release" />
					<Add directory="../../vorbis/win32/Vorbis_Static_Release" />
					<Add directory="../../vorbis/win32/VorbisFile_Static_Release" />
				</Linker>
			</Target>
		</Build>
		<Compiler>
			<Add option="-w" />
			<Add option="-g" />
			<Add option="-DOGRE_AL_EXPORT" />
			<Add directory="../include" />
			<Add directory="../../../ogre/OgreMain/include" />
		</Compiler>
		<Linker>
			<Add library="OgreMain" />
			<Add library="vorbis" />
			<Add library="vorbisfile" />
			<Add library="ogg" />
			<Add directory="../../../ogre/lib" />
		</Linker>
		<Unit filename="../include/OgreAL.h" />
		<Unit filename="../include/OgreALException.h" />
		<Unit filename="../include/OgreALListener.h" />
		<Unit filename="../include/OgreALMemberFunctionPointer.h" />
		<Unit filename="../include/OgreALOggSound.h" />
		<Unit filename="../include/OgreALPrereqs.h" />
		<Unit filename="../include/OgreALSound.h" />
		<Unit filename="../include/OgreALSoundManager.h" />
		<Unit filename="../include/OgreALWavSound.h" />
		<Unit filename="../src/OgreALException.cpp" />
		<Unit filename="../src/OgreALListener.cpp" />
		<Unit filename="../src/OgreALOggSound.cpp" />
		<Unit filename="../src/OgreALSound.cpp" />
		<Unit filename="../src/OgreALSoundManager.cpp" />
		<Unit filename="../src/OgreALWavSound.cpp" />
		<Extensions>
			<code_completion />
			<envvars />
			<debugger />
		</Extensions>
	</Project>
</CodeBlocks_project_file>
