<?xml version="1.0" encoding="UTF-8" standalone="yes" ?>
<CodeBlocks_project_file>
	<FileVersion major="1" minor="6" />
	<Project>
		<Option title="CEGUIOgreRenderer" />
		<Option pch_mode="2" />
		<Option compiler="gcc" />
		<Build>
			<Target title="Debug_Static">
				<Option output="../../../../lib/libCEGUIOgreRenderer_Static_d.a" prefix_auto="0" extension_auto="0" />
				<Option working_dir="" />
				<Option object_output="obj/Debug_Static" />
				<Option type="2" />
				<Option compiler="gcc" />
				<Compiler>
					<Add option="-g" />
					<Add option="-D_CRT_SECURE_NO_DEPRECATE" />
					<Add option="-DHAVE_CONFIG_H" />
					<Add option="-DOGRE_GUIRENDERER_EXPORTS" />
					<Add option="-D_DEBUG" />
					<Add option="-DCEGUI_STATIC" />
					<Add option="-DTOLUA_STATIC" />
					<Add directory="../../../../cegui/include" />
					<Add directory="../../../../dependencies/include" />
					<Add directory="../../../../cegui/include/RendererModules/Ogre/" />
					<Add directory="../../../../" />
					<Add directory="../../../../../ogre/ogre_1.7.3/OgreMain/include" />
				</Compiler>
				<Linker>
					<Add library="CEGUIBase_Static_d" />
					<Add directory="../../../../bin" />
					<Add directory="../../../../../ogre/ogre_1.7.3/OgreMain/lib" />
					<Add directory="../../../../dependencies/lib/static" />
				</Linker>
			</Target>
			<Target title="Release_Static">
				<Option output="../../../../lib/libCEGUIOgreRenderer_Static.a" prefix_auto="0" extension_auto="0" />
				<Option working_dir="" />
				<Option object_output="obj/Release_Static" />
				<Option type="2" />
				<Option compiler="gcc" />
				<Compiler>
					<Add option="-fomit-frame-pointer" />
					<Add option="-O3" />
					<Add option="-D_CRT_SECURE_NO_DEPRECATE" />
					<Add option="-DHAVE_CONFIG_H" />
					<Add option="-DOGRE_GUIRENDERER_EXPORTS" />
					<Add option="-DCEGUI_STATIC" />
					<Add option="-DTOLUA_STATIC" />
					<Add directory="../../../../cegui/include" />
					<Add directory="../../../../dependencies/include" />
					<Add directory="../../../../cegui/include/RendererModules/Ogre/" />
					<Add directory="../../../../" />
					<Add directory="../../../../../ogre/ogre_1.7.3/OgreMain/include" />
				</Compiler>
				<Linker>
					<Add option="-s" />
					<Add library="CEGUIBase_Static" />
					<Add directory="../../../../bin" />
					<Add directory="../../../../../ogre/ogre_1.7.3/OgreMain/lib" />
					<Add directory="../../../../dependencies/lib/static" />
				</Linker>
			</Target>
		</Build>
		<Unit filename="../../../../cegui/include/RendererModules/Ogre/CEGUIOgreGeometryBuffer.h" />
		<Unit filename="../../../../cegui/include/RendererModules/Ogre/CEGUIOgreImageCodec.h" />
		<Unit filename="../../../../cegui/include/RendererModules/Ogre/CEGUIOgreRenderTarget.h" />
		<Unit filename="../../../../cegui/include/RendererModules/Ogre/CEGUIOgreRenderer.h" />
		<Unit filename="../../../../cegui/include/RendererModules/Ogre/CEGUIOgreResourceProvider.h" />
		<Unit filename="../../../../cegui/include/RendererModules/Ogre/CEGUIOgreTexture.h" />
		<Unit filename="../../../../cegui/include/RendererModules/Ogre/CEGUIOgreTextureTarget.h" />
		<Unit filename="../../../../cegui/include/RendererModules/Ogre/CEGUIOgreWindowTarget.h" />
		<Unit filename="../../../../cegui/src/RendererModules/Ogre/CEGUIOgreGeometryBuffer.cpp" />
		<Unit filename="../../../../cegui/src/RendererModules/Ogre/CEGUIOgreImageCodec.cpp" />
		<Unit filename="../../../../cegui/src/RendererModules/Ogre/CEGUIOgreRenderTarget.cpp" />
		<Unit filename="../../../../cegui/src/RendererModules/Ogre/CEGUIOgreRenderer.cpp" />
		<Unit filename="../../../../cegui/src/RendererModules/Ogre/CEGUIOgreResourceProvider.cpp" />
		<Unit filename="../../../../cegui/src/RendererModules/Ogre/CEGUIOgreTexture.cpp" />
		<Unit filename="../../../../cegui/src/RendererModules/Ogre/CEGUIOgreTextureTarget.cpp" />
		<Unit filename="../../../../cegui/src/RendererModules/Ogre/CEGUIOgreWindowTarget.cpp" />
		<Extensions>
			<envvars />
			<code_completion />
			<debugger />
		</Extensions>
	</Project>
</CodeBlocks_project_file>
