<?xml version="1.0" encoding="UTF-8" standalone="yes" ?>
<CodeBlocks_project_file>
	<FileVersion major="1" minor="6" />
	<Project>
		<Option title="Directional_Demo" />
		<Option pch_mode="2" />
		<Option compiler="gcc" />
		<Build>
			<Target title="Debug">
				<Option output="Directional_Demo" prefix_auto="1" extension_auto="1" />
				<Option object_output="Debug" />
				<Option external_deps="../../lib/Debug/OgreAL_d.lib;" />
				<Option type="0" />
				<Option compiler="msvc8" />
				<Compiler>
					<Add option="/MTd" />
					<Add option="/EHs" />
					<Add option="/Zc:wchar_t" />
					<Add option="-DWIN32" />
					<Add option="-D_DEBUG" />
					<Add option="-D_WINDOWS" />
					<Add directory="$(OGRE_SRC)/OgreMain/include" />
					<Add directory="$(OGRE_HOME)/include" />
					<Add directory="$(OPENAL_SDK)/include" />
					<Add directory="$(ALUT_BIN)/include" />
					<Add directory="../../../ogg/include" />
					<Add directory="../../../vorbis/include" />
					<Add directory="../../include" />
				</Compiler>
				<Linker>
					<Add library="OgreMain_d" />
					<Add library="OgreAL_d" />
					<Add library="OpenAL32" />
					<Add library="OgreAL_d.lib" />
					<Add library="user32.lib" />
					<Add directory="$(OGRE_SRC)/OgreMain/lib/Debug" />
					<Add directory="$(OGRE_HOME)/lib" />
					<Add directory="$(OPENAL_SDK)/libs/Win32" />
					<Add directory="../../lib/Debug" />
				</Linker>
				<ExtraCommands>
					<Add after="cmd /c copy $(DEBUG_OUTPUT_FILE) ../Demos/bin/Debug" />
				</ExtraCommands>
			</Target>
			<Target title="Release">
				<Option output="Directional_Demo" prefix_auto="1" extension_auto="1" />
				<Option object_output="Release" />
				<Option external_deps="../../lib/Release/OgreAL.lib;" />
				<Option type="0" />
				<Option compiler="msvc8" />
				<Compiler>
					<Add option="/MT" />
					<Add option="/EHs" />
					<Add option="/Zc:wchar_t" />
					<Add option="-DWIN32" />
					<Add option="-DNDEBUG" />
					<Add option="-D_WINDOWS" />
					<Add directory="$(OGRE_SRC)/OgreMain/include" />
					<Add directory="$(OGRE_HOME)/include" />
					<Add directory="$(OPENAL_SDK)/include" />
					<Add directory="$(ALUT_BIN)/include" />
					<Add directory="../../../ogg/include" />
					<Add directory="../../../vorbis/include" />
					<Add directory="../../include" />
				</Compiler>
				<Linker>
					<Add library="OgreMain" />
					<Add library="OgreAL" />
					<Add library="OpenAL32" />
					<Add library="OgreAL.lib" />
					<Add library="user32.lib" />
					<Add directory="$(OGRE_SRC)/OgreMain/lib/Release" />
					<Add directory="$(OGRE_HOME)/lib" />
					<Add directory="$(OPENAL_SDK)/libs/Win32" />
					<Add directory="../../lib/Release" />
				</Linker>
				<ExtraCommands>
					<Add after="cmd /c copy $(RELEASE_OUTPUT_FILE) ../Demos/bin/Release" />
				</ExtraCommands>
			</Target>
		</Build>
		<Unit filename="Listener.cpp" />
		<Unit filename="Listener.h" />
		<Unit filename="OgreApp.cpp" />
		<Unit filename="OgreApp.h" />
		<Unit filename="main.cpp" />
		<Extensions>
			<code_completion />
		</Extensions>
	</Project>
</CodeBlocks_project_file>
