
Microsoft Visual Studio Solution File, Format Version 10.00
# Visual Studio 2008
Project("{8BC9CEB8-8B4A-11D0-8D11-00A0C91BC942}") = "GameClient", "Vc9S&C.vcproj", "{0F83CA41-4364-49FF-A230-613B08B5CF82}"
	ProjectSection(ProjectDependencies) = postProject
		{AEF9FF05-DF46-4982-94C4-F8C99A3938A1} = {AEF9FF05-DF46-4982-94C4-F8C99A3938A1}
		{F88DC819-3F9B-48FE-8110-4168ED30D98D} = {F88DC819-3F9B-48FE-8110-4168ED30D98D}
		{B84FF31A-5F9A-46F8-AB22-DBFC9BECE3BE} = {B84FF31A-5F9A-46F8-AB22-DBFC9BECE3BE}
		{E3536C28-A7F1-4B53-8E52-7D2232F9E098} = {E3536C28-A7F1-4B53-8E52-7D2232F9E098}
		{AC38182A-4ED0-4AAF-9822-104356A5B738} = {AC38182A-4ED0-4AAF-9822-104356A5B738}
		{3E283F37-A4ED-41B7-A3E6-A2D89D131A30} = {3E283F37-A4ED-41B7-A3E6-A2D89D131A30}
		{431E3F3F-7C4D-430A-B8F1-4F165DB64EDC} = {431E3F3F-7C4D-430A-B8F1-4F165DB64EDC}
		{912A2D43-35A3-4AF2-B2EB-0D81EFFDA6DC} = {912A2D43-35A3-4AF2-B2EB-0D81EFFDA6DC}
		{90369247-7466-4CDD-AEBF-11668F863D85} = {90369247-7466-4CDD-AEBF-11668F863D85}
		{17A4874B-0606-4687-90B6-F91F8CB3B8AF} = {17A4874B-0606-4687-90B6-F91F8CB3B8AF}
		{63691F4D-6F12-4294-B655-0FBFCBF866FC} = {63691F4D-6F12-4294-B655-0FBFCBF866FC}
		{7DB10B50-CE00-4D7A-B322-6824F05D2FCB} = {7DB10B50-CE00-4D7A-B322-6824F05D2FCB}
		{AEF3F457-35D0-48A1-B873-E741A952A134} = {AEF3F457-35D0-48A1-B873-E741A952A134}
		{5E1D4E5F-E10C-4BA3-B663-F33014FD21D9} = {5E1D4E5F-E10C-4BA3-B663-F33014FD21D9}
		{33134F61-C1AD-4B6F-9CEA-503A9F140C52} = {33134F61-C1AD-4B6F-9CEA-503A9F140C52}
		{36953A70-9FD3-4455-ADBE-C0B1837C3360} = {36953A70-9FD3-4455-ADBE-C0B1837C3360}
		{CB440073-2ED3-48CE-A1A1-B6EACB3A44BD} = {CB440073-2ED3-48CE-A1A1-B6EACB3A44BD}
		{A23AF67E-5D92-4B94-A1BD-CEECAA98FA6A} = {A23AF67E-5D92-4B94-A1BD-CEECAA98FA6A}
		{C6B5EB88-DED8-4695-9278-7C7D251DECA0} = {C6B5EB88-DED8-4695-9278-7C7D251DECA0}
		{A6830BB5-9993-4F6D-8D4E-930F36A1B88F} = {A6830BB5-9993-4F6D-8D4E-930F36A1B88F}
		{35AFBABB-DF05-43DE-91A7-BB828A874015} = {35AFBABB-DF05-43DE-91A7-BB828A874015}
		{78B079BD-9FC7-4B9E-B4A6-96DA0F00248B} = {78B079BD-9FC7-4B9E-B4A6-96DA0F00248B}
		{D881DEBF-B293-4092-9778-2F944D4931D4} = {D881DEBF-B293-4092-9778-2F944D4931D4}
		{58FB35C4-5DC6-4890-81E8-D4E06E4A460D} = {58FB35C4-5DC6-4890-81E8-D4E06E4A460D}
		{9CC704CB-4956-4479-BDEC-57CBC03F700E} = {9CC704CB-4956-4479-BDEC-57CBC03F700E}
		{70A51CDE-83A3-44AB-8B77-642B39760F5C} = {70A51CDE-83A3-44AB-8B77-642B39760F5C}
		{D1EFEAEB-3AEC-42A2-AECC-2D6D84D2AB9D} = {D1EFEAEB-3AEC-42A2-AECC-2D6D84D2AB9D}
		{9E219DF2-315D-478E-8A07-8960C377CE1E} = {9E219DF2-315D-478E-8A07-8960C377CE1E}
		{1738D5F6-ED1E-47E0-B2F0-456864B93C1E} = {1738D5F6-ED1E-47E0-B2F0-456864B93C1E}
		{437D55FC-33F4-4FF2-91ED-9C616AFEAD4C} = {437D55FC-33F4-4FF2-91ED-9C616AFEAD4C}
		{7D0A20FE-40A6-4E64-AD26-5E34AE391DF4} = {7D0A20FE-40A6-4E64-AD26-5E34AE391DF4}
	EndProjectSection
EndProject
Project("{8BC9CEB8-8B4A-11D0-8D11-00A0C91BC942}") = "OgreAL", "ogreal\ogreal\OgreAL\OgreAL_VC2003.vcproj", "{58FB35C4-5DC6-4890-81E8-D4E06E4A460D}"
EndProject
Project("{8BC9CEB8-8B4A-11D0-8D11-00A0C91BC942}") = "ogg_static", "ogreal\ogg\win32\ogg_static.vcproj", "{70A51CDE-83A3-44AB-8B77-642B39760F5C}"
EndProject
Project("{8BC9CEB8-8B4A-11D0-8D11-00A0C91BC942}") = "ogg_vorbis_static", "ogreal\vorbis\win32\vorbis_static.vcproj", "{F88DC819-3F9B-48FE-8110-4168ED30D98D}"
EndProject
Project("{8BC9CEB8-8B4A-11D0-8D11-00A0C91BC942}") = "ogg_vorbisfile_static", "ogreal\vorbis\win32\vorbisfile_static.vcproj", "{A23AF67E-5D92-4B94-A1BD-CEECAA98FA6A}"
EndProject
Project("{8BC9CEB8-8B4A-11D0-8D11-00A0C91BC942}") = "OIS", "ois\Win32\OIS_vc8.vcproj", "{9CC704CB-4956-4479-BDEC-57CBC03F700E}"
EndProject
Project("{8BC9CEB8-8B4A-11D0-8D11-00A0C91BC942}") = "freetype", "freetype-2.3.8\builds\win32\visualc\freetype.vcproj", "{78B079BD-9FC7-4B9E-B4A6-96DA0F00248B}"
EndProject
Project("{8BC9CEB8-8B4A-11D0-8D11-00A0C91BC942}") = "zziplib", "zziplib-0.13.50\msvc8\zziplib.vcproj", "{CB440073-2ED3-48CE-A1A1-B6EACB3A44BD}"
EndProject
Project("{8BC9CEB8-8B4A-11D0-8D11-00A0C91BC942}") = "FreeImageLib", "FreeImage\Source\FreeImageLib\FreeImageLib.2005.vcproj", "{9E219DF2-315D-478E-8A07-8960C377CE1E}"
EndProject
Project("{8BC9CEB8-8B4A-11D0-8D11-00A0C91BC942}") = "FreeImageLibJPEG", "FreeImage\Source\LibJPEG\LibJPEG.2005.vcproj", "{5E1D4E5F-E10C-4BA3-B663-F33014FD21D9}"
EndProject
Project("{8BC9CEB8-8B4A-11D0-8D11-00A0C91BC942}") = "FreeImageLibMNG", "FreeImage\Source\LibMNG\LibMNG.2005.vcproj", "{912A2D43-35A3-4AF2-B2EB-0D81EFFDA6DC}"
EndProject
Project("{8BC9CEB8-8B4A-11D0-8D11-00A0C91BC942}") = "FreeImageLibOpenJPEG", "FreeImage\Source\LibOpenJPEG\LibOpenJPEG.2005.vcproj", "{E3536C28-A7F1-4B53-8E52-7D2232F9E098}"
EndProject
Project("{8BC9CEB8-8B4A-11D0-8D11-00A0C91BC942}") = "FreeImageLibPNG", "FreeImage\Source\LibPNG\LibPNG.2005.vcproj", "{7DB10B50-CE00-4D7A-B322-6824F05D2FCB}"
EndProject
Project("{8BC9CEB8-8B4A-11D0-8D11-00A0C91BC942}") = "FreeImageLibTIFF", "FreeImage\Source\LibTIFF\LibTIFF.2005.vcproj", "{431E3F3F-7C4D-430A-B8F1-4F165DB64EDC}"
EndProject
Project("{8BC9CEB8-8B4A-11D0-8D11-00A0C91BC942}") = "FreeImageOpenEXR", "FreeImage\Source\OpenEXR\OpenEXR.2005.vcproj", "{17A4874B-0606-4687-90B6-F91F8CB3B8AF}"
EndProject
Project("{8BC9CEB8-8B4A-11D0-8D11-00A0C91BC942}") = "ZLib", "FreeImage\Source\ZLib\ZLib.2005.vcproj", "{33134F61-C1AD-4B6F-9CEA-503A9F140C52}"
EndProject
Project("{8BC9CEB8-8B4A-11D0-8D11-00A0C91BC942}") = "ToolUnitTests", "src\UnitTests\UnitTests.vcproj", "{D1EFEAEB-3AEC-42A2-AECC-2D6D84D2AB9D}"
	ProjectSection(ProjectDependencies) = postProject
		{B84FF31A-5F9A-46F8-AB22-DBFC9BECE3BE} = {B84FF31A-5F9A-46F8-AB22-DBFC9BECE3BE}
		{3E283F37-A4ED-41B7-A3E6-A2D89D131A30} = {3E283F37-A4ED-41B7-A3E6-A2D89D131A30}
		{33134F61-C1AD-4B6F-9CEA-503A9F140C52} = {33134F61-C1AD-4B6F-9CEA-503A9F140C52}
		{36953A70-9FD3-4455-ADBE-C0B1837C3360} = {36953A70-9FD3-4455-ADBE-C0B1837C3360}
		{CB440073-2ED3-48CE-A1A1-B6EACB3A44BD} = {CB440073-2ED3-48CE-A1A1-B6EACB3A44BD}
		{35AFBABB-DF05-43DE-91A7-BB828A874015} = {35AFBABB-DF05-43DE-91A7-BB828A874015}
		{1738D5F6-ED1E-47E0-B2F0-456864B93C1E} = {1738D5F6-ED1E-47E0-B2F0-456864B93C1E}
		{437D55FC-33F4-4FF2-91ED-9C616AFEAD4C} = {437D55FC-33F4-4FF2-91ED-9C616AFEAD4C}
	EndProjectSection
EndProject
Project("{8BC9CEB8-8B4A-11D0-8D11-00A0C91BC942}") = "protobuf_libprotobuf", "protobuf-2.0.3\vsprojects\libprotobuf.vcproj", "{3E283F37-A4ED-41B7-A3E6-A2D89D131A30}"
EndProject
Project("{8BC9CEB8-8B4A-11D0-8D11-00A0C91BC942}") = "protobuf_libprotoc", "protobuf-2.0.3\vsprojects\libprotoc.vcproj", "{B84FF31A-5F9A-46F8-AB22-DBFC9BECE3BE}"
EndProject
Project("{8BC9CEB8-8B4A-11D0-8D11-00A0C91BC942}") = "protobuf_protoc", "protobuf-2.0.3\vsprojects\protoc.vcproj", "{1738D5F6-ED1E-47E0-B2F0-456864B93C1E}"
	ProjectSection(ProjectDependencies) = postProject
		{B84FF31A-5F9A-46F8-AB22-DBFC9BECE3BE} = {B84FF31A-5F9A-46F8-AB22-DBFC9BECE3BE}
		{3E283F37-A4ED-41B7-A3E6-A2D89D131A30} = {3E283F37-A4ED-41B7-A3E6-A2D89D131A30}
	EndProjectSection
EndProject
Project("{8BC9CEB8-8B4A-11D0-8D11-00A0C91BC942}") = "GameServer", "Server.vcproj", "{AC38182A-4ED0-4AAF-9822-104356A5B738}"
	ProjectSection(ProjectDependencies) = postProject
		{3E283F37-A4ED-41B7-A3E6-A2D89D131A30} = {3E283F37-A4ED-41B7-A3E6-A2D89D131A30}
		{33134F61-C1AD-4B6F-9CEA-503A9F140C52} = {33134F61-C1AD-4B6F-9CEA-503A9F140C52}
		{36953A70-9FD3-4455-ADBE-C0B1837C3360} = {36953A70-9FD3-4455-ADBE-C0B1837C3360}
		{CB440073-2ED3-48CE-A1A1-B6EACB3A44BD} = {CB440073-2ED3-48CE-A1A1-B6EACB3A44BD}
		{35AFBABB-DF05-43DE-91A7-BB828A874015} = {35AFBABB-DF05-43DE-91A7-BB828A874015}
		{D1EFEAEB-3AEC-42A2-AECC-2D6D84D2AB9D} = {D1EFEAEB-3AEC-42A2-AECC-2D6D84D2AB9D}
		{1738D5F6-ED1E-47E0-B2F0-456864B93C1E} = {1738D5F6-ED1E-47E0-B2F0-456864B93C1E}
		{437D55FC-33F4-4FF2-91ED-9C616AFEAD4C} = {437D55FC-33F4-4FF2-91ED-9C616AFEAD4C}
	EndProjectSection
EndProject
Project("{8BC9CEB8-8B4A-11D0-8D11-00A0C91BC942}") = "OgreMain", "ogre1.6.5\OgreMain\scripts\OgreMain_vc9.vcproj", "{35AFBABB-DF05-43DE-91A7-BB828A874015}"
EndProject
Project("{8BC9CEB8-8B4A-11D0-8D11-00A0C91BC942}") = "OgrePlugin_OctreeSceneManager", "ogre1.6.5\PlugIns\OctreeSceneManager\scripts\Plugin_OctreeSceneManager_vc9.vcproj", "{A6830BB5-9993-4F6D-8D4E-930F36A1B88F}"
EndProject
Project("{8BC9CEB8-8B4A-11D0-8D11-00A0C91BC942}") = "OgreRenderSystem_GL", "ogre1.6.5\RenderSystems\GL\scripts\RenderSystem_GL_vc9.vcproj", "{7D0A20FE-40A6-4E64-AD26-5E34AE391DF4}"
EndProject
Project("{8BC9CEB8-8B4A-11D0-8D11-00A0C91BC942}") = "ToolXMLConverter", "ogre1.6.5\Tools\XMLConverter\scripts\XMLConverter_vc9.vcproj", "{B4FB6BCF-FA5A-42C2-9FA5-F1653B95ADE3}"
	ProjectSection(ProjectDependencies) = postProject
		{E3536C28-A7F1-4B53-8E52-7D2232F9E098} = {E3536C28-A7F1-4B53-8E52-7D2232F9E098}
		{431E3F3F-7C4D-430A-B8F1-4F165DB64EDC} = {431E3F3F-7C4D-430A-B8F1-4F165DB64EDC}
		{912A2D43-35A3-4AF2-B2EB-0D81EFFDA6DC} = {912A2D43-35A3-4AF2-B2EB-0D81EFFDA6DC}
		{17A4874B-0606-4687-90B6-F91F8CB3B8AF} = {17A4874B-0606-4687-90B6-F91F8CB3B8AF}
		{7DB10B50-CE00-4D7A-B322-6824F05D2FCB} = {7DB10B50-CE00-4D7A-B322-6824F05D2FCB}
		{5E1D4E5F-E10C-4BA3-B663-F33014FD21D9} = {5E1D4E5F-E10C-4BA3-B663-F33014FD21D9}
		{33134F61-C1AD-4B6F-9CEA-503A9F140C52} = {33134F61-C1AD-4B6F-9CEA-503A9F140C52}
		{CB440073-2ED3-48CE-A1A1-B6EACB3A44BD} = {CB440073-2ED3-48CE-A1A1-B6EACB3A44BD}
		{35AFBABB-DF05-43DE-91A7-BB828A874015} = {35AFBABB-DF05-43DE-91A7-BB828A874015}
		{78B079BD-9FC7-4B9E-B4A6-96DA0F00248B} = {78B079BD-9FC7-4B9E-B4A6-96DA0F00248B}
		{9E219DF2-315D-478E-8A07-8960C377CE1E} = {9E219DF2-315D-478E-8A07-8960C377CE1E}
	EndProjectSection
EndProject
Project("{8BC9CEB8-8B4A-11D0-8D11-00A0C91BC942}") = "ToolDummyClient", "DummyClient.vcproj", "{BD9CC52A-3992-4B0E-8D74-C113F861E9CC}"
	ProjectSection(ProjectDependencies) = postProject
		{AC38182A-4ED0-4AAF-9822-104356A5B738} = {AC38182A-4ED0-4AAF-9822-104356A5B738}
		{3E283F37-A4ED-41B7-A3E6-A2D89D131A30} = {3E283F37-A4ED-41B7-A3E6-A2D89D131A30}
		{36953A70-9FD3-4455-ADBE-C0B1837C3360} = {36953A70-9FD3-4455-ADBE-C0B1837C3360}
		{35AFBABB-DF05-43DE-91A7-BB828A874015} = {35AFBABB-DF05-43DE-91A7-BB828A874015}
		{D1EFEAEB-3AEC-42A2-AECC-2D6D84D2AB9D} = {D1EFEAEB-3AEC-42A2-AECC-2D6D84D2AB9D}
		{437D55FC-33F4-4FF2-91ED-9C616AFEAD4C} = {437D55FC-33F4-4FF2-91ED-9C616AFEAD4C}
	EndProjectSection
EndProject
Project("{8BC9CEB8-8B4A-11D0-8D11-00A0C91BC942}") = "boost_thread-mt-static-staticrt", "boost\build\libs\thread\src\boost_thread-mt-static-staticrt.vcproj", "{437D55FC-33F4-4FF2-91ED-9C616AFEAD4C}"
EndProject
Project("{8BC9CEB8-8B4A-11D0-8D11-00A0C91BC942}") = "boost_system-mt-static-staticrt", "boost\build\libs\system\src\boost_system-mt-static-staticrt.vcproj", "{36953A70-9FD3-4455-ADBE-C0B1837C3360}"
EndProject
Project("{8BC9CEB8-8B4A-11D0-8D11-00A0C91BC942}") = "OgreQuickGUI", "QuickGUI_10_1\QuickGUI\QuickGUI.vcproj", "{AEF9FF05-DF46-4982-94C4-F8C99A3938A1}"
EndProject
Project("{8BC9CEB8-8B4A-11D0-8D11-00A0C91BC942}") = "boost_filesystem-mt-static-staticrt", "boost\build\libs\filesystem\src\boost_filesystem-mt-static-staticrt.vcproj", "{90369247-7466-4CDD-AEBF-11668F863D85}"
EndProject
Project("{8BC9CEB8-8B4A-11D0-8D11-00A0C91BC942}") = "gettext_libiconv-1.9.1", "libiconv-1.9.1\libiconv-1.9.1.vcproj", "{AEF3F457-35D0-48A1-B873-E741A952A134}"
EndProject
Project("{8BC9CEB8-8B4A-11D0-8D11-00A0C91BC942}") = "gettext_libintl", "gettext-0.13.1\gettext-0.13.1.vcproj", "{D881DEBF-B293-4092-9778-2F944D4931D4}"
	ProjectSection(ProjectDependencies) = postProject
		{AEF3F457-35D0-48A1-B873-E741A952A134} = {AEF3F457-35D0-48A1-B873-E741A952A134}
	EndProjectSection
EndProject
Project("{8BC9CEB8-8B4A-11D0-8D11-00A0C91BC942}") = "gettext_libgettext", "gettext-0.13.1\libgettext.vcproj", "{63691F4D-6F12-4294-B655-0FBFCBF866FC}"
EndProject
Project("{8BC9CEB8-8B4A-11D0-8D11-00A0C91BC942}") = "gettext_msgfmt", "gettext-0.13.1\msgfmt.vcproj", "{C6B5EB88-DED8-4695-9278-7C7D251DECA0}"
	ProjectSection(ProjectDependencies) = postProject
		{63691F4D-6F12-4294-B655-0FBFCBF866FC} = {63691F4D-6F12-4294-B655-0FBFCBF866FC}
		{AEF3F457-35D0-48A1-B873-E741A952A134} = {AEF3F457-35D0-48A1-B873-E741A952A134}
		{D881DEBF-B293-4092-9778-2F944D4931D4} = {D881DEBF-B293-4092-9778-2F944D4931D4}
	EndProjectSection
EndProject
Project("{8BC9CEB8-8B4A-11D0-8D11-00A0C91BC942}") = "ToolMaterialEditor", "ogre1.6.5\Tools\MaterialEditor\MaterialEditor\build\MaterialEditor.vcproj", "{8046B14F-8C1C-4A8A-ADC7-945A22099495}"
	ProjectSection(ProjectDependencies) = postProject
		{80F49E07-D84F-4FD4-B642-94CD6B183414} = {80F49E07-D84F-4FD4-B642-94CD6B183414}
		{E3536C28-A7F1-4B53-8E52-7D2232F9E098} = {E3536C28-A7F1-4B53-8E52-7D2232F9E098}
		{4132DE37-B42B-4975-A21E-3827F49E0108} = {4132DE37-B42B-4975-A21E-3827F49E0108}
		{431E3F3F-7C4D-430A-B8F1-4F165DB64EDC} = {431E3F3F-7C4D-430A-B8F1-4F165DB64EDC}
		{912A2D43-35A3-4AF2-B2EB-0D81EFFDA6DC} = {912A2D43-35A3-4AF2-B2EB-0D81EFFDA6DC}
		{B6CF3046-8246-41C9-BC47-7BCE5598B7CD} = {B6CF3046-8246-41C9-BC47-7BCE5598B7CD}
		{17A4874B-0606-4687-90B6-F91F8CB3B8AF} = {17A4874B-0606-4687-90B6-F91F8CB3B8AF}
		{ECA5FC4D-29CE-5030-9175-551834BF6CB0} = {ECA5FC4D-29CE-5030-9175-551834BF6CB0}
		{D1EF074E-852B-455A-80AE-27F04599A0AE} = {D1EF074E-852B-455A-80AE-27F04599A0AE}
		{D215484E-F216-434B-ADCE-5AF22F448D4C} = {D215484E-F216-434B-ADCE-5AF22F448D4C}
		{7DB10B50-CE00-4D7A-B322-6824F05D2FCB} = {7DB10B50-CE00-4D7A-B322-6824F05D2FCB}
		{1BF6EC53-9E57-4FB3-ABE9-E749625B7FB9} = {1BF6EC53-9E57-4FB3-ABE9-E749625B7FB9}
		{EC254F5B-99C9-47F0-A55A-3545264B6B2F} = {EC254F5B-99C9-47F0-A55A-3545264B6B2F}
		{5E1D4E5F-E10C-4BA3-B663-F33014FD21D9} = {5E1D4E5F-E10C-4BA3-B663-F33014FD21D9}
		{33134F61-C1AD-4B6F-9CEA-503A9F140C52} = {33134F61-C1AD-4B6F-9CEA-503A9F140C52}
		{CB440073-2ED3-48CE-A1A1-B6EACB3A44BD} = {CB440073-2ED3-48CE-A1A1-B6EACB3A44BD}
		{CA2549B6-83B1-4CA7-BD06-78056B7649D6} = {CA2549B6-83B1-4CA7-BD06-78056B7649D6}
		{35AFBABB-DF05-43DE-91A7-BB828A874015} = {35AFBABB-DF05-43DE-91A7-BB828A874015}
		{78B079BD-9FC7-4B9E-B4A6-96DA0F00248B} = {78B079BD-9FC7-4B9E-B4A6-96DA0F00248B}
		{4A1BADCC-74D0-4131-8915-35BEC29AB6AE} = {4A1BADCC-74D0-4131-8915-35BEC29AB6AE}
		{25E91AE8-5893-408F-B046-9F0097390B6E} = {25E91AE8-5893-408F-B046-9F0097390B6E}
		{9E219DF2-315D-478E-8A07-8960C377CE1E} = {9E219DF2-315D-478E-8A07-8960C377CE1E}
		{7D0A20FE-40A6-4E64-AD26-5E34AE391DF4} = {7D0A20FE-40A6-4E64-AD26-5E34AE391DF4}
	EndProjectSection
EndProject
Project("{8BC9CEB8-8B4A-11D0-8D11-00A0C91BC942}") = "boost_signals-mt-static-staticrt", "boost\build\libs\signals\src\boost_signals-mt-static-staticrt.vcproj", "{4132DE37-B42B-4975-A21E-3827F49E0108}"
EndProject
Project("{8BC9CEB8-8B4A-11D0-8D11-00A0C91BC942}") = "wxbase", "wxMSW-2.8.11\build\msw\wx_base.vcproj", "{D215484E-F216-434B-ADCE-5AF22F448D4C}"
EndProject
Project("{8BC9CEB8-8B4A-11D0-8D11-00A0C91BC942}") = "wxcore", "wxMSW-2.8.11\build\msw\wx_core.vcproj", "{EC254F5B-99C9-47F0-A55A-3545264B6B2F}"
EndProject
Project("{8BC9CEB8-8B4A-11D0-8D11-00A0C91BC942}") = "wxpropgrid", "wxpropgrid\build\propgrid_propgrid_vc9.vcproj", "{ECA5FC4D-29CE-5030-9175-551834BF6CB0}"
EndProject
Project("{8BC9CEB8-8B4A-11D0-8D11-00A0C91BC942}") = "wxscintilla", "ogre1.6.5\Tools\MaterialEditor\wxscintilla_1.69.2\build\wxscintilla.vcproj", "{4A1BADCC-74D0-4131-8915-35BEC29AB6AE}"
EndProject
Project("{8BC9CEB8-8B4A-11D0-8D11-00A0C91BC942}") = "wxnet", "wxMSW-2.8.11\build\msw\wx_net.vcproj", "{CA2549B6-83B1-4CA7-BD06-78056B7649D6}"
EndProject
Project("{8BC9CEB8-8B4A-11D0-8D11-00A0C91BC942}") = "wxxml", "wxMSW-2.8.11\build\msw\wx_xml.vcproj", "{B6CF3046-8246-41C9-BC47-7BCE5598B7CD}"
EndProject
Project("{8BC9CEB8-8B4A-11D0-8D11-00A0C91BC942}") = "wxadv", "wxMSW-2.8.11\build\msw\wx_adv.vcproj", "{25E91AE8-5893-408F-B046-9F0097390B6E}"
EndProject
Project("{8BC9CEB8-8B4A-11D0-8D11-00A0C91BC942}") = "wxhtml", "wxMSW-2.8.11\build\msw\wx_html.vcproj", "{D1EF074E-852B-455A-80AE-27F04599A0AE}"
EndProject
Project("{8BC9CEB8-8B4A-11D0-8D11-00A0C91BC942}") = "wxaui", "wxMSW-2.8.11\build\msw\wx_aui.vcproj", "{80F49E07-D84F-4FD4-B642-94CD6B183414}"
EndProject
Project("{8BC9CEB8-8B4A-11D0-8D11-00A0C91BC942}") = "wxogre", "wxogre-svn312\wxogre.vcproj", "{1BF6EC53-9E57-4FB3-ABE9-E749625B7FB9}"
EndProject
Global
	GlobalSection(SolutionConfigurationPlatforms) = preSolution
		Debug|Win32 = Debug|Win32
		Release|Win32 = Release|Win32
	EndGlobalSection
	GlobalSection(ProjectConfigurationPlatforms) = postSolution
		{0F83CA41-4364-49FF-A230-613B08B5CF82}.Debug|Win32.ActiveCfg = Debug|Win32
		{0F83CA41-4364-49FF-A230-613B08B5CF82}.Debug|Win32.Build.0 = Debug|Win32
		{0F83CA41-4364-49FF-A230-613B08B5CF82}.Release|Win32.ActiveCfg = Release|Win32
		{0F83CA41-4364-49FF-A230-613B08B5CF82}.Release|Win32.Build.0 = Release|Win32
		{58FB35C4-5DC6-4890-81E8-D4E06E4A460D}.Debug|Win32.ActiveCfg = Debug|Win32
		{58FB35C4-5DC6-4890-81E8-D4E06E4A460D}.Debug|Win32.Build.0 = Debug|Win32
		{58FB35C4-5DC6-4890-81E8-D4E06E4A460D}.Release|Win32.ActiveCfg = Release|Win32
		{58FB35C4-5DC6-4890-81E8-D4E06E4A460D}.Release|Win32.Build.0 = Release|Win32
		{70A51CDE-83A3-44AB-8B77-642B39760F5C}.Debug|Win32.ActiveCfg = Debug|Win32
		{70A51CDE-83A3-44AB-8B77-642B39760F5C}.Debug|Win32.Build.0 = Debug|Win32
		{70A51CDE-83A3-44AB-8B77-642B39760F5C}.Release|Win32.ActiveCfg = Release|Win32
		{70A51CDE-83A3-44AB-8B77-642B39760F5C}.Release|Win32.Build.0 = Release|Win32
		{F88DC819-3F9B-48FE-8110-4168ED30D98D}.Debug|Win32.ActiveCfg = Debug|Win32
		{F88DC819-3F9B-48FE-8110-4168ED30D98D}.Debug|Win32.Build.0 = Debug|Win32
		{F88DC819-3F9B-48FE-8110-4168ED30D98D}.Release|Win32.ActiveCfg = Release|Win32
		{F88DC819-3F9B-48FE-8110-4168ED30D98D}.Release|Win32.Build.0 = Release|Win32
		{A23AF67E-5D92-4B94-A1BD-CEECAA98FA6A}.Debug|Win32.ActiveCfg = Debug|Win32
		{A23AF67E-5D92-4B94-A1BD-CEECAA98FA6A}.Debug|Win32.Build.0 = Debug|Win32
		{A23AF67E-5D92-4B94-A1BD-CEECAA98FA6A}.Release|Win32.ActiveCfg = Release|Win32
		{A23AF67E-5D92-4B94-A1BD-CEECAA98FA6A}.Release|Win32.Build.0 = Release|Win32
		{9CC704CB-4956-4479-BDEC-57CBC03F700E}.Debug|Win32.ActiveCfg = Debug|Win32
		{9CC704CB-4956-4479-BDEC-57CBC03F700E}.Debug|Win32.Build.0 = Debug|Win32
		{9CC704CB-4956-4479-BDEC-57CBC03F700E}.Release|Win32.ActiveCfg = Release|Win32
		{9CC704CB-4956-4479-BDEC-57CBC03F700E}.Release|Win32.Build.0 = Release|Win32
		{78B079BD-9FC7-4B9E-B4A6-96DA0F00248B}.Debug|Win32.ActiveCfg = Debug|Win32
		{78B079BD-9FC7-4B9E-B4A6-96DA0F00248B}.Debug|Win32.Build.0 = Debug|Win32
		{78B079BD-9FC7-4B9E-B4A6-96DA0F00248B}.Release|Win32.ActiveCfg = Release|Win32
		{78B079BD-9FC7-4B9E-B4A6-96DA0F00248B}.Release|Win32.Build.0 = Release|Win32
		{CB440073-2ED3-48CE-A1A1-B6EACB3A44BD}.Debug|Win32.ActiveCfg = Debug|Win32
		{CB440073-2ED3-48CE-A1A1-B6EACB3A44BD}.Debug|Win32.Build.0 = Debug|Win32
		{CB440073-2ED3-48CE-A1A1-B6EACB3A44BD}.Release|Win32.ActiveCfg = Release|Win32
		{CB440073-2ED3-48CE-A1A1-B6EACB3A44BD}.Release|Win32.Build.0 = Release|Win32
		{9E219DF2-315D-478E-8A07-8960C377CE1E}.Debug|Win32.ActiveCfg = Debug|Win32
		{9E219DF2-315D-478E-8A07-8960C377CE1E}.Debug|Win32.Build.0 = Debug|Win32
		{9E219DF2-315D-478E-8A07-8960C377CE1E}.Release|Win32.ActiveCfg = Release|Win32
		{9E219DF2-315D-478E-8A07-8960C377CE1E}.Release|Win32.Build.0 = Release|Win32
		{5E1D4E5F-E10C-4BA3-B663-F33014FD21D9}.Debug|Win32.ActiveCfg = Debug|Win32
		{5E1D4E5F-E10C-4BA3-B663-F33014FD21D9}.Debug|Win32.Build.0 = Debug|Win32
		{5E1D4E5F-E10C-4BA3-B663-F33014FD21D9}.Release|Win32.ActiveCfg = Release|Win32
		{5E1D4E5F-E10C-4BA3-B663-F33014FD21D9}.Release|Win32.Build.0 = Release|Win32
		{912A2D43-35A3-4AF2-B2EB-0D81EFFDA6DC}.Debug|Win32.ActiveCfg = Debug|Win32
		{912A2D43-35A3-4AF2-B2EB-0D81EFFDA6DC}.Debug|Win32.Build.0 = Debug|Win32
		{912A2D43-35A3-4AF2-B2EB-0D81EFFDA6DC}.Release|Win32.ActiveCfg = Release|Win32
		{912A2D43-35A3-4AF2-B2EB-0D81EFFDA6DC}.Release|Win32.Build.0 = Release|Win32
		{E3536C28-A7F1-4B53-8E52-7D2232F9E098}.Debug|Win32.ActiveCfg = Debug|Win32
		{E3536C28-A7F1-4B53-8E52-7D2232F9E098}.Debug|Win32.Build.0 = Debug|Win32
		{E3536C28-A7F1-4B53-8E52-7D2232F9E098}.Release|Win32.ActiveCfg = Release|Win32
		{E3536C28-A7F1-4B53-8E52-7D2232F9E098}.Release|Win32.Build.0 = Release|Win32
		{7DB10B50-CE00-4D7A-B322-6824F05D2FCB}.Debug|Win32.ActiveCfg = Debug|Win32
		{7DB10B50-CE00-4D7A-B322-6824F05D2FCB}.Debug|Win32.Build.0 = Debug|Win32
		{7DB10B50-CE00-4D7A-B322-6824F05D2FCB}.Release|Win32.ActiveCfg = Release|Win32
		{7DB10B50-CE00-4D7A-B322-6824F05D2FCB}.Release|Win32.Build.0 = Release|Win32
		{431E3F3F-7C4D-430A-B8F1-4F165DB64EDC}.Debug|Win32.ActiveCfg = Debug|Win32
		{431E3F3F-7C4D-430A-B8F1-4F165DB64EDC}.Debug|Win32.Build.0 = Debug|Win32
		{431E3F3F-7C4D-430A-B8F1-4F165DB64EDC}.Release|Win32.ActiveCfg = Release|Win32
		{431E3F3F-7C4D-430A-B8F1-4F165DB64EDC}.Release|Win32.Build.0 = Release|Win32
		{17A4874B-0606-4687-90B6-F91F8CB3B8AF}.Debug|Win32.ActiveCfg = Debug|Win32
		{17A4874B-0606-4687-90B6-F91F8CB3B8AF}.Debug|Win32.Build.0 = Debug|Win32
		{17A4874B-0606-4687-90B6-F91F8CB3B8AF}.Release|Win32.ActiveCfg = Release|Win32
		{17A4874B-0606-4687-90B6-F91F8CB3B8AF}.Release|Win32.Build.0 = Release|Win32
		{33134F61-C1AD-4B6F-9CEA-503A9F140C52}.Debug|Win32.ActiveCfg = Debug|Win32
		{33134F61-C1AD-4B6F-9CEA-503A9F140C52}.Debug|Win32.Build.0 = Debug|Win32
		{33134F61-C1AD-4B6F-9CEA-503A9F140C52}.Release|Win32.ActiveCfg = Release|Win32
		{33134F61-C1AD-4B6F-9CEA-503A9F140C52}.Release|Win32.Build.0 = Release|Win32
		{D1EFEAEB-3AEC-42A2-AECC-2D6D84D2AB9D}.Debug|Win32.ActiveCfg = Debug|Win32
		{D1EFEAEB-3AEC-42A2-AECC-2D6D84D2AB9D}.Debug|Win32.Build.0 = Debug|Win32
		{D1EFEAEB-3AEC-42A2-AECC-2D6D84D2AB9D}.Release|Win32.ActiveCfg = Release|Win32
		{D1EFEAEB-3AEC-42A2-AECC-2D6D84D2AB9D}.Release|Win32.Build.0 = Release|Win32
		{3E283F37-A4ED-41B7-A3E6-A2D89D131A30}.Debug|Win32.ActiveCfg = Debug|Win32
		{3E283F37-A4ED-41B7-A3E6-A2D89D131A30}.Debug|Win32.Build.0 = Debug|Win32
		{3E283F37-A4ED-41B7-A3E6-A2D89D131A30}.Release|Win32.ActiveCfg = Release|Win32
		{3E283F37-A4ED-41B7-A3E6-A2D89D131A30}.Release|Win32.Build.0 = Release|Win32
		{B84FF31A-5F9A-46F8-AB22-DBFC9BECE3BE}.Debug|Win32.ActiveCfg = Debug|Win32
		{B84FF31A-5F9A-46F8-AB22-DBFC9BECE3BE}.Debug|Win32.Build.0 = Debug|Win32
		{B84FF31A-5F9A-46F8-AB22-DBFC9BECE3BE}.Release|Win32.ActiveCfg = Release|Win32
		{B84FF31A-5F9A-46F8-AB22-DBFC9BECE3BE}.Release|Win32.Build.0 = Release|Win32
		{1738D5F6-ED1E-47E0-B2F0-456864B93C1E}.Debug|Win32.ActiveCfg = Debug|Win32
		{1738D5F6-ED1E-47E0-B2F0-456864B93C1E}.Debug|Win32.Build.0 = Debug|Win32
		{1738D5F6-ED1E-47E0-B2F0-456864B93C1E}.Release|Win32.ActiveCfg = Release|Win32
		{1738D5F6-ED1E-47E0-B2F0-456864B93C1E}.Release|Win32.Build.0 = Release|Win32
		{AC38182A-4ED0-4AAF-9822-104356A5B738}.Debug|Win32.ActiveCfg = Debug|Win32
		{AC38182A-4ED0-4AAF-9822-104356A5B738}.Debug|Win32.Build.0 = Debug|Win32
		{AC38182A-4ED0-4AAF-9822-104356A5B738}.Release|Win32.ActiveCfg = Release|Win32
		{AC38182A-4ED0-4AAF-9822-104356A5B738}.Release|Win32.Build.0 = Release|Win32
		{35AFBABB-DF05-43DE-91A7-BB828A874015}.Debug|Win32.ActiveCfg = Debug|Win32
		{35AFBABB-DF05-43DE-91A7-BB828A874015}.Debug|Win32.Build.0 = Debug|Win32
		{35AFBABB-DF05-43DE-91A7-BB828A874015}.Release|Win32.ActiveCfg = Release|Win32
		{35AFBABB-DF05-43DE-91A7-BB828A874015}.Release|Win32.Build.0 = Release|Win32
		{A6830BB5-9993-4F6D-8D4E-930F36A1B88F}.Debug|Win32.ActiveCfg = Debug|Win32
		{A6830BB5-9993-4F6D-8D4E-930F36A1B88F}.Debug|Win32.Build.0 = Debug|Win32
		{A6830BB5-9993-4F6D-8D4E-930F36A1B88F}.Release|Win32.ActiveCfg = Release|Win32
		{A6830BB5-9993-4F6D-8D4E-930F36A1B88F}.Release|Win32.Build.0 = Release|Win32
		{7D0A20FE-40A6-4E64-AD26-5E34AE391DF4}.Debug|Win32.ActiveCfg = Debug|Win32
		{7D0A20FE-40A6-4E64-AD26-5E34AE391DF4}.Debug|Win32.Build.0 = Debug|Win32
		{7D0A20FE-40A6-4E64-AD26-5E34AE391DF4}.Release|Win32.ActiveCfg = Release|Win32
		{7D0A20FE-40A6-4E64-AD26-5E34AE391DF4}.Release|Win32.Build.0 = Release|Win32
		{B4FB6BCF-FA5A-42C2-9FA5-F1653B95ADE3}.Debug|Win32.ActiveCfg = Debug|Win32
		{B4FB6BCF-FA5A-42C2-9FA5-F1653B95ADE3}.Debug|Win32.Build.0 = Debug|Win32
		{B4FB6BCF-FA5A-42C2-9FA5-F1653B95ADE3}.Release|Win32.ActiveCfg = Release|Win32
		{B4FB6BCF-FA5A-42C2-9FA5-F1653B95ADE3}.Release|Win32.Build.0 = Release|Win32
		{BD9CC52A-3992-4B0E-8D74-C113F861E9CC}.Debug|Win32.ActiveCfg = Debug|Win32
		{BD9CC52A-3992-4B0E-8D74-C113F861E9CC}.Debug|Win32.Build.0 = Debug|Win32
		{BD9CC52A-3992-4B0E-8D74-C113F861E9CC}.Release|Win32.ActiveCfg = Release|Win32
		{BD9CC52A-3992-4B0E-8D74-C113F861E9CC}.Release|Win32.Build.0 = Release|Win32
		{437D55FC-33F4-4FF2-91ED-9C616AFEAD4C}.Debug|Win32.ActiveCfg = Debug|Win32
		{437D55FC-33F4-4FF2-91ED-9C616AFEAD4C}.Debug|Win32.Build.0 = Debug|Win32
		{437D55FC-33F4-4FF2-91ED-9C616AFEAD4C}.Release|Win32.ActiveCfg = Release|Win32
		{437D55FC-33F4-4FF2-91ED-9C616AFEAD4C}.Release|Win32.Build.0 = Release|Win32
		{36953A70-9FD3-4455-ADBE-C0B1837C3360}.Debug|Win32.ActiveCfg = Debug|Win32
		{36953A70-9FD3-4455-ADBE-C0B1837C3360}.Debug|Win32.Build.0 = Debug|Win32
		{36953A70-9FD3-4455-ADBE-C0B1837C3360}.Release|Win32.ActiveCfg = Release|Win32
		{36953A70-9FD3-4455-ADBE-C0B1837C3360}.Release|Win32.Build.0 = Release|Win32
		{AEF9FF05-DF46-4982-94C4-F8C99A3938A1}.Debug|Win32.ActiveCfg = Debug|Win32
		{AEF9FF05-DF46-4982-94C4-F8C99A3938A1}.Debug|Win32.Build.0 = Debug|Win32
		{AEF9FF05-DF46-4982-94C4-F8C99A3938A1}.Release|Win32.ActiveCfg = Release|Win32
		{AEF9FF05-DF46-4982-94C4-F8C99A3938A1}.Release|Win32.Build.0 = Release|Win32
		{90369247-7466-4CDD-AEBF-11668F863D85}.Debug|Win32.ActiveCfg = Debug|Win32
		{90369247-7466-4CDD-AEBF-11668F863D85}.Debug|Win32.Build.0 = Debug|Win32
		{90369247-7466-4CDD-AEBF-11668F863D85}.Release|Win32.ActiveCfg = Release|Win32
		{90369247-7466-4CDD-AEBF-11668F863D85}.Release|Win32.Build.0 = Release|Win32
		{AEF3F457-35D0-48A1-B873-E741A952A134}.Debug|Win32.ActiveCfg = Debug|Win32
		{AEF3F457-35D0-48A1-B873-E741A952A134}.Debug|Win32.Build.0 = Debug|Win32
		{AEF3F457-35D0-48A1-B873-E741A952A134}.Release|Win32.ActiveCfg = Release|Win32
		{AEF3F457-35D0-48A1-B873-E741A952A134}.Release|Win32.Build.0 = Release|Win32
		{D881DEBF-B293-4092-9778-2F944D4931D4}.Debug|Win32.ActiveCfg = Debug|Win32
		{D881DEBF-B293-4092-9778-2F944D4931D4}.Debug|Win32.Build.0 = Debug|Win32
		{D881DEBF-B293-4092-9778-2F944D4931D4}.Release|Win32.ActiveCfg = Release|Win32
		{D881DEBF-B293-4092-9778-2F944D4931D4}.Release|Win32.Build.0 = Release|Win32
		{63691F4D-6F12-4294-B655-0FBFCBF866FC}.Debug|Win32.ActiveCfg = Debug|Win32
		{63691F4D-6F12-4294-B655-0FBFCBF866FC}.Debug|Win32.Build.0 = Debug|Win32
		{63691F4D-6F12-4294-B655-0FBFCBF866FC}.Release|Win32.ActiveCfg = Release|Win32
		{63691F4D-6F12-4294-B655-0FBFCBF866FC}.Release|Win32.Build.0 = Release|Win32
		{C6B5EB88-DED8-4695-9278-7C7D251DECA0}.Debug|Win32.ActiveCfg = Debug|Win32
		{C6B5EB88-DED8-4695-9278-7C7D251DECA0}.Debug|Win32.Build.0 = Debug|Win32
		{C6B5EB88-DED8-4695-9278-7C7D251DECA0}.Release|Win32.ActiveCfg = Release|Win32
		{C6B5EB88-DED8-4695-9278-7C7D251DECA0}.Release|Win32.Build.0 = Release|Win32
		{8046B14F-8C1C-4A8A-ADC7-945A22099495}.Debug|Win32.ActiveCfg = Debug|Win32
		{8046B14F-8C1C-4A8A-ADC7-945A22099495}.Debug|Win32.Build.0 = Debug|Win32
		{8046B14F-8C1C-4A8A-ADC7-945A22099495}.Release|Win32.ActiveCfg = Release|Win32
		{8046B14F-8C1C-4A8A-ADC7-945A22099495}.Release|Win32.Build.0 = Release|Win32
		{4132DE37-B42B-4975-A21E-3827F49E0108}.Debug|Win32.ActiveCfg = Debug|Win32
		{4132DE37-B42B-4975-A21E-3827F49E0108}.Debug|Win32.Build.0 = Debug|Win32
		{4132DE37-B42B-4975-A21E-3827F49E0108}.Release|Win32.ActiveCfg = Release|Win32
		{4132DE37-B42B-4975-A21E-3827F49E0108}.Release|Win32.Build.0 = Release|Win32
		{D215484E-F216-434B-ADCE-5AF22F448D4C}.Debug|Win32.ActiveCfg = Debug|Win32
		{D215484E-F216-434B-ADCE-5AF22F448D4C}.Debug|Win32.Build.0 = Debug|Win32
		{D215484E-F216-434B-ADCE-5AF22F448D4C}.Release|Win32.ActiveCfg = Release|Win32
		{D215484E-F216-434B-ADCE-5AF22F448D4C}.Release|Win32.Build.0 = Release|Win32
		{EC254F5B-99C9-47F0-A55A-3545264B6B2F}.Debug|Win32.ActiveCfg = Debug|Win32
		{EC254F5B-99C9-47F0-A55A-3545264B6B2F}.Debug|Win32.Build.0 = Debug|Win32
		{EC254F5B-99C9-47F0-A55A-3545264B6B2F}.Release|Win32.ActiveCfg = Release|Win32
		{EC254F5B-99C9-47F0-A55A-3545264B6B2F}.Release|Win32.Build.0 = Release|Win32
		{ECA5FC4D-29CE-5030-9175-551834BF6CB0}.Debug|Win32.ActiveCfg = Debug|Win32
		{ECA5FC4D-29CE-5030-9175-551834BF6CB0}.Debug|Win32.Build.0 = Debug|Win32
		{ECA5FC4D-29CE-5030-9175-551834BF6CB0}.Release|Win32.ActiveCfg = Release|Win32
		{ECA5FC4D-29CE-5030-9175-551834BF6CB0}.Release|Win32.Build.0 = Release|Win32
		{4A1BADCC-74D0-4131-8915-35BEC29AB6AE}.Debug|Win32.ActiveCfg = Debug|Win32
		{4A1BADCC-74D0-4131-8915-35BEC29AB6AE}.Debug|Win32.Build.0 = Debug|Win32
		{4A1BADCC-74D0-4131-8915-35BEC29AB6AE}.Release|Win32.ActiveCfg = Release|Win32
		{4A1BADCC-74D0-4131-8915-35BEC29AB6AE}.Release|Win32.Build.0 = Release|Win32
		{CA2549B6-83B1-4CA7-BD06-78056B7649D6}.Debug|Win32.ActiveCfg = Debug|Win32
		{CA2549B6-83B1-4CA7-BD06-78056B7649D6}.Debug|Win32.Build.0 = Debug|Win32
		{CA2549B6-83B1-4CA7-BD06-78056B7649D6}.Release|Win32.ActiveCfg = Release|Win32
		{CA2549B6-83B1-4CA7-BD06-78056B7649D6}.Release|Win32.Build.0 = Release|Win32
		{B6CF3046-8246-41C9-BC47-7BCE5598B7CD}.Debug|Win32.ActiveCfg = Debug|Win32
		{B6CF3046-8246-41C9-BC47-7BCE5598B7CD}.Debug|Win32.Build.0 = Debug|Win32
		{B6CF3046-8246-41C9-BC47-7BCE5598B7CD}.Release|Win32.ActiveCfg = Release|Win32
		{B6CF3046-8246-41C9-BC47-7BCE5598B7CD}.Release|Win32.Build.0 = Release|Win32
		{25E91AE8-5893-408F-B046-9F0097390B6E}.Debug|Win32.ActiveCfg = Debug|Win32
		{25E91AE8-5893-408F-B046-9F0097390B6E}.Debug|Win32.Build.0 = Debug|Win32
		{25E91AE8-5893-408F-B046-9F0097390B6E}.Release|Win32.ActiveCfg = Release|Win32
		{25E91AE8-5893-408F-B046-9F0097390B6E}.Release|Win32.Build.0 = Release|Win32
		{D1EF074E-852B-455A-80AE-27F04599A0AE}.Debug|Win32.ActiveCfg = Debug|Win32
		{D1EF074E-852B-455A-80AE-27F04599A0AE}.Debug|Win32.Build.0 = Debug|Win32
		{D1EF074E-852B-455A-80AE-27F04599A0AE}.Release|Win32.ActiveCfg = Release|Win32
		{D1EF074E-852B-455A-80AE-27F04599A0AE}.Release|Win32.Build.0 = Release|Win32
		{80F49E07-D84F-4FD4-B642-94CD6B183414}.Debug|Win32.ActiveCfg = Debug|Win32
		{80F49E07-D84F-4FD4-B642-94CD6B183414}.Debug|Win32.Build.0 = Debug|Win32
		{80F49E07-D84F-4FD4-B642-94CD6B183414}.Release|Win32.ActiveCfg = Release|Win32
		{80F49E07-D84F-4FD4-B642-94CD6B183414}.Release|Win32.Build.0 = Release|Win32
		{1BF6EC53-9E57-4FB3-ABE9-E749625B7FB9}.Debug|Win32.ActiveCfg = Debug|Win32
		{1BF6EC53-9E57-4FB3-ABE9-E749625B7FB9}.Debug|Win32.Build.0 = Debug|Win32
		{1BF6EC53-9E57-4FB3-ABE9-E749625B7FB9}.Release|Win32.ActiveCfg = Release|Win32
		{1BF6EC53-9E57-4FB3-ABE9-E749625B7FB9}.Release|Win32.Build.0 = Release|Win32
	EndGlobalSection
	GlobalSection(SolutionProperties) = preSolution
		HideSolutionNode = FALSE
	EndGlobalSection
EndGlobal
