<?xml version="1.0" encoding="UTF-8" standalone="yes" ?>
<CodeBlocks_project_file>
	<FileVersion major="1" minor="6" />
	<Project>
		<Option title="CEGUITinyXMLParser" />
		<Option pch_mode="2" />
		<Option compiler="gcc" />
		<Build>
			<Target title="Debug_Static">
				<Option output="../../../../lib/libCEGUITinyXMLParser_Static_d.a" prefix_auto="0" extension_auto="0" />
				<Option working_dir="" />
				<Option object_output="obj/Debug_Static" />
				<Option type="2" />
				<Option compiler="gcc" />
				<Compiler>
					<Add option="-g" />
					<Add option="-D_CRT_SECURE_NO_DEPRECATE" />
					<Add option="-DHAVE_CONFIG_H" />
					<Add option="-DCEGUITINYXMLPARSER_EXPORTS" />
					<Add option="-D_DEBUG" />
					<Add option="-DCEGUI_STATIC" />
					<Add option="-DTOLUA_STATIC" />
					<Add directory="../../../../cegui/include" />
					<Add directory="../../../../dependencies/include" />
					<Add directory="../../../../cegui/include/XMLParserModules/TinyXMLParser/" />
				</Compiler>
				<Linker>
					<Add library="CEGUIBase_Static_d" />
					<Add directory="../../../../bin" />
					<Add directory="../../../../dependencies/lib/static" />
				</Linker>
			</Target>
			<Target title="Release_Static">
				<Option output="../../../../lib/libCEGUITinyXMLParser_Static.a" prefix_auto="0" extension_auto="0" />
				<Option working_dir="" />
				<Option object_output="obj/Release_Static" />
				<Option type="2" />
				<Option compiler="gcc" />
				<Compiler>
					<Add option="-fomit-frame-pointer" />
					<Add option="-O3" />
					<Add option="-D_CRT_SECURE_NO_DEPRECATE" />
					<Add option="-DHAVE_CONFIG_H" />
					<Add option="-DCEGUITINYXMLPARSER_EXPORTS" />
					<Add option="-DCEGUI_STATIC" />
					<Add option="-DTOLUA_STATIC" />
					<Add directory="../../../../cegui/include" />
					<Add directory="../../../../dependencies/include" />
					<Add directory="../../../../cegui/include/XMLParserModules/TinyXMLParser/" />
				</Compiler>
				<Linker>
					<Add option="-s" />
					<Add library="CEGUIBase_Static" />
					<Add directory="../../../../bin" />
					<Add directory="../../../../dependencies/lib/static" />
				</Linker>
			</Target>
		</Build>
		<Unit filename="../../../../cegui/include/XMLParserModules/TinyXMLParser/CEGUITinyXMLParser.h" />
		<Unit filename="../../../../cegui/include/XMLParserModules/TinyXMLParser/CEGUITinyXMLParserModule.h" />
		<Unit filename="../../../../cegui/src/XMLParserModules/TinyXMLParser/CEGUITinyXMLParser.cpp" />
		<Unit filename="../../../../cegui/src/XMLParserModules/TinyXMLParser/CEGUITinyXMLParserModule.cpp" />
		<Unit filename="../../../../cegui/src/XMLParserModules/TinyXMLParser/ceguitinyxml/tinystr.cpp" />
		<Unit filename="../../../../cegui/src/XMLParserModules/TinyXMLParser/ceguitinyxml/tinystr.h" />
		<Unit filename="../../../../cegui/src/XMLParserModules/TinyXMLParser/ceguitinyxml/tinyxml.cpp" />
		<Unit filename="../../../../cegui/src/XMLParserModules/TinyXMLParser/ceguitinyxml/tinyxml.h" />
		<Unit filename="../../../../cegui/src/XMLParserModules/TinyXMLParser/ceguitinyxml/tinyxmlerror.cpp" />
		<Unit filename="../../../../cegui/src/XMLParserModules/TinyXMLParser/ceguitinyxml/tinyxmlparser.cpp" />
		<Extensions>
			<envvars />
			<code_completion />
			<debugger />
		</Extensions>
	</Project>
</CodeBlocks_project_file>
