<?xml version="1.0" encoding="UTF-8" standalone="yes" ?>
<CodeBlocks_project_file>
	<FileVersion major="1" minor="6" />
	<Project>
		<Option title="UnitTests" />
		<Option pch_mode="2" />
		<Option compiler="gcc" />
		<Build>
			<Target title="Debug">
				<Option output="../../bin/UnitTests" prefix_auto="1" extension_auto="1" />
				<Option object_output="obj/Debug/" />
				<Option type="1" />
				<Option compiler="gcc" />
				<Compiler>
					<Add option="-pg" />
					<Add option="-g" />
				</Compiler>
				<Linker>
					<Add option="-pg" />
					<Add library="OgreMain_d" />
					<Add library="protobuf_d" />
					<Add library="../../SAL/libSAL_d.a" />
				</Linker>
			</Target>
			<Target title="Release">
				<Option output="../../bin/UnitTests" prefix_auto="1" extension_auto="1" />
				<Option object_output="obj/Release/" />
				<Option type="1" />
				<Option compiler="gcc" />
				<Compiler>
					<Add option="-O3" />
				</Compiler>
				<Linker>
					<Add option="-s" />
					<Add library="OgreMain" />
					<Add library="protobuf" />
					<Add library="../../SAL/libSAL.a" />
				</Linker>
			</Target>
		</Build>
		<Compiler>
			<Add option="-Winvalid-pch" />
			<Add directory="../../cxxtest" />
			<Add directory=".." />
			<Add directory="../../ogre/OgreMain/include" />
			<Add directory="../../protobuf-2.0.3/src" />
			<Add directory="../../ois/includes" />
			<Add directory="../../ogreal/ogreal/include" />
			<Add directory="../../betagui2" />
			<Add directory="../proto" />
			<Add directory="../../SAL" />
			<Add directory="../../QuickGUI_9_05/QuickGUI/include" />
		</Compiler>
		<Linker>
			<Add library="zzip" />
			<Add library="Xt" />
			<Add library="freeimage" />
			<Add library="freetype" />
			<Add library="Xaw" />
			<Add library="pthread" />
			<Add directory="../../ogre/lib" />
			<Add directory="../../protobuf-2.0.3/vsprojects" />
			<Add directory="../../SAL" />
		</Linker>
		<ExtraCommands>
			<Add before="make -C ../../src/proto -f Makefile.proto" />
			<Add before="make -f Makefile.cxxtest" />
		</ExtraCommands>
		<Unit filename="../Network.cpp" />
		<Unit filename="../Network.h" />
		<Unit filename="../ServerEdge.cpp" />
		<Unit filename="../ServerEdge.h" />
		<Unit filename="../ServerGeodesicGrid.cpp" />
		<Unit filename="../ServerGeodesicGrid.h" />
		<Unit filename="../ServerLog.cpp" />
		<Unit filename="../ServerLog.h" />
		<Unit filename="../ServerTile.cpp" />
		<Unit filename="../ServerTile.h" />
		<Unit filename="NetworkTest.cpp" />
		<Unit filename="NetworkTest.h" />
		<Unit filename="../pch.cpp" />
		<Unit filename="../pch.h">
			<Option compile="1" />
			<Option weight="0" />
		</Unit>
		<Unit filename="../proto/Edge.pb.cc" />
		<Unit filename="../proto/Edge.pb.h" />
		<Unit filename="../proto/Edge.proto" />
		<Unit filename="../proto/GeodesicGrid.pb.cc" />
		<Unit filename="../proto/GeodesicGrid.pb.h" />
		<Unit filename="../proto/GeodesicGrid.proto">
			<Option target="&lt;{~None~}&gt;" />
		</Unit>
		<Unit filename="../proto/Header.pb.cc" />
		<Unit filename="../proto/Header.pb.h" />
		<Unit filename="../proto/Makefile.proto">
			<Option target="&lt;{~None~}&gt;" />
		</Unit>
		<Unit filename="../proto/Tile.pb.cc" />
		<Unit filename="../proto/Tile.pb.h" />
		<Unit filename="../proto/Tile.proto">
			<Option target="&lt;{~None~}&gt;" />
		</Unit>
		<Unit filename="../proto/Vector.pb.cc" />
		<Unit filename="../proto/Vector.pb.h" />
		<Unit filename="../proto/Vector.proto" />
		<Extensions>
			<code_completion />
			<envvars />
			<debugger />
		</Extensions>
	</Project>
</CodeBlocks_project_file>
