<?xml version="1.0" encoding="UTF-8" standalone="yes" ?>
<CodeBlocks_project_file>
	<FileVersion major="1" minor="6" />
	<Project>
		<Option title="CEGUIBase" />
		<Option pch_mode="2" />
		<Option compiler="gcc" />
		<Build>
			<Target title="Debug">
				<Option output="../../../../lib/libCEGUIBase_d.a" prefix_auto="0" extension_auto="0" />
				<Option working_dir="" />
				<Option object_output="../../../../obj/CEGUIBaseDebugLinux" />
				<Option type="2" />
				<Option compiler="gcc" />
				<Compiler>
					<Add option="-pg" />
					<Add option="-g" />
				</Compiler>
				<Linker>
					<Add option="-pg" />
				</Linker>
			</Target>
			<Target title="Release">
				<Option output="../../../../lib/libCEGUIBase.a" prefix_auto="0" extension_auto="0" />
				<Option working_dir="" />
				<Option object_output="../../../../obj/CEGUIBaseReleaseLinux" />
				<Option type="2" />
				<Option compiler="gcc" />
				<Compiler>
					<Add option="-fomit-frame-pointer" />
					<Add option="-O3" />
					<Add option="-DNDEBUG" />
				</Compiler>
				<Linker>
					<Add option="-s" />
				</Linker>
			</Target>
		</Build>
		<Compiler>
			<Add option="-DHAVE_CONFIG_H" />
			<Add option="-DCEGUIBASE_EXPORTS" />
			<Add option="-DCEGUI_STATIC" />
			<Add directory="../../../cegui/include" />
		</Compiler>
		<Linker>
			<Add directory="$(SolutionDir)lib" />
		</Linker>
		<Unit filename="../../../cegui/include/CEGUI.h" />
		<Unit filename="../../../cegui/include/CEGUIAffector.h" />
		<Unit filename="../../../cegui/include/CEGUIAnimation.h" />
		<Unit filename="../../../cegui/include/CEGUIAnimationInstance.h" />
		<Unit filename="../../../cegui/include/CEGUIAnimationManager.h" />
		<Unit filename="../../../cegui/include/CEGUIAnimation_xmlHandler.h" />
		<Unit filename="../../../cegui/include/CEGUIBase.h" />
		<Unit filename="../../../cegui/include/CEGUIBasicInterpolators.h" />
		<Unit filename="../../../cegui/include/CEGUIBasicRenderedStringParser.h" />
		<Unit filename="../../../cegui/include/CEGUIBiDiVisualMapping.h" />
		<Unit filename="../../../cegui/include/CEGUIBoundSlot.h" />
		<Unit filename="../../../cegui/include/CEGUICentredRenderedString.h" />
		<Unit filename="../../../cegui/include/CEGUIChainedXMLHandler.h" />
		<Unit filename="../../../cegui/include/CEGUIColourRect.h" />
		<Unit filename="../../../cegui/include/CEGUIConfig.h" />
		<Unit filename="../../../cegui/include/CEGUIConfig_xmlHandler.h" />
		<Unit filename="../../../cegui/include/CEGUICoordConverter.h" />
		<Unit filename="../../../cegui/include/CEGUIDataContainer.h" />
		<Unit filename="../../../cegui/include/CEGUIDefaultLogger.h" />
		<Unit filename="../../../cegui/include/CEGUIDefaultRenderedStringParser.h" />
		<Unit filename="../../../cegui/include/CEGUIDefaultResourceProvider.h" />
		<Unit filename="../../../cegui/include/CEGUIDynamicModule.h" />
		<Unit filename="../../../cegui/include/CEGUIEvent.h" />
		<Unit filename="../../../cegui/include/CEGUIEventArgs.h" />
		<Unit filename="../../../cegui/include/CEGUIEventSet.h" />
		<Unit filename="../../../cegui/include/CEGUIExceptions.h" />
		<Unit filename="../../../cegui/include/CEGUIFactoryModule.h" />
		<Unit filename="../../../cegui/include/CEGUIFont.h" />
		<Unit filename="../../../cegui/include/CEGUIFontGlyph.h" />
		<Unit filename="../../../cegui/include/CEGUIFontManager.h" />
		<Unit filename="../../../cegui/include/CEGUIFont_xmlHandler.h" />
		<Unit filename="../../../cegui/include/CEGUIFormattedRenderedString.h" />
		<Unit filename="../../../cegui/include/CEGUIForwardRefs.h" />
		<Unit filename="../../../cegui/include/CEGUIFreeFunctionSlot.h" />
		<Unit filename="../../../cegui/include/CEGUIFreeTypeFont.h" />
		<Unit filename="../../../cegui/include/CEGUIFribidiVisualMapping.h" />
		<Unit filename="../../../cegui/include/CEGUIFunctorCopySlot.h" />
		<Unit filename="../../../cegui/include/CEGUIFunctorPointerSlot.h" />
		<Unit filename="../../../cegui/include/CEGUIFunctorReferenceBinder.h" />
		<Unit filename="../../../cegui/include/CEGUIFunctorReferenceSlot.h" />
		<Unit filename="../../../cegui/include/CEGUIGUILayout_xmlHandler.h" />
		<Unit filename="../../../cegui/include/CEGUIGeometryBuffer.h" />
		<Unit filename="../../../cegui/include/CEGUIGlobalEventSet.h" />
		<Unit filename="../../../cegui/include/CEGUIImage.h" />
		<Unit filename="../../../cegui/include/CEGUIImageCodec.h" />
		<Unit filename="../../../cegui/include/CEGUIImageset.h" />
		<Unit filename="../../../cegui/include/CEGUIImagesetManager.h" />
		<Unit filename="../../../cegui/include/CEGUIImageset_xmlHandler.h" />
		<Unit filename="../../../cegui/include/CEGUIInputEvent.h" />
		<Unit filename="../../../cegui/include/CEGUIInterpolator.h" />
		<Unit filename="../../../cegui/include/CEGUIIteratorBase.h" />
		<Unit filename="../../../cegui/include/CEGUIJustifiedRenderedString.h" />
		<Unit filename="../../../cegui/include/CEGUIKeyFrame.h" />
		<Unit filename="../../../cegui/include/CEGUILeftAlignedRenderedString.h" />
		<Unit filename="../../../cegui/include/CEGUILogger.h" />
		<Unit filename="../../../cegui/include/CEGUIMemberFunctionSlot.h" />
		<Unit filename="../../../cegui/include/CEGUIMinibidiVisualMapping.h" />
		<Unit filename="../../../cegui/include/CEGUIMinizipResourceProvider.h" />
		<Unit filename="../../../cegui/include/CEGUIMouseCursor.h" />
		<Unit filename="../../../cegui/include/CEGUINamedXMLResourceManager.h" />
		<Unit filename="../../../cegui/include/CEGUIPCRERegexMatcher.h" />
		<Unit filename="../../../cegui/include/CEGUIPixmapFont.h" />
		<Unit filename="../../../cegui/include/CEGUIProperty.h" />
		<Unit filename="../../../cegui/include/CEGUIPropertyHelper.h" />
		<Unit filename="../../../cegui/include/CEGUIPropertySet.h" />
		<Unit filename="../../../cegui/include/CEGUIRect.h" />
		<Unit filename="../../../cegui/include/CEGUIRefCounted.h" />
		<Unit filename="../../../cegui/include/CEGUIRegexMatcher.h" />
		<Unit filename="../../../cegui/include/CEGUIRenderEffect.h" />
		<Unit filename="../../../cegui/include/CEGUIRenderEffectFactory.h" />
		<Unit filename="../../../cegui/include/CEGUIRenderEffectManager.h" />
		<Unit filename="../../../cegui/include/CEGUIRenderQueue.h" />
		<Unit filename="../../../cegui/include/CEGUIRenderTarget.h" />
		<Unit filename="../../../cegui/include/CEGUIRenderedString.h" />
		<Unit filename="../../../cegui/include/CEGUIRenderedStringComponent.h" />
		<Unit filename="../../../cegui/include/CEGUIRenderedStringImageComponent.h" />
		<Unit filename="../../../cegui/include/CEGUIRenderedStringParser.h" />
		<Unit filename="../../../cegui/include/CEGUIRenderedStringTextComponent.h" />
		<Unit filename="../../../cegui/include/CEGUIRenderedStringWidgetComponent.h" />
		<Unit filename="../../../cegui/include/CEGUIRenderedStringWordWrapper.h" />
		<Unit filename="../../../cegui/include/CEGUIRenderer.h" />
		<Unit filename="../../../cegui/include/CEGUIRenderingContext.h" />
		<Unit filename="../../../cegui/include/CEGUIRenderingRoot.h" />
		<Unit filename="../../../cegui/include/CEGUIRenderingSurface.h" />
		<Unit filename="../../../cegui/include/CEGUIRenderingWindow.h" />
		<Unit filename="../../../cegui/include/CEGUIResourceProvider.h" />
		<Unit filename="../../../cegui/include/CEGUIRightAlignedRenderedString.h" />
		<Unit filename="../../../cegui/include/CEGUIScheme.h" />
		<Unit filename="../../../cegui/include/CEGUISchemeManager.h" />
		<Unit filename="../../../cegui/include/CEGUIScheme_xmlHandler.h" />
		<Unit filename="../../../cegui/include/CEGUIScriptModule.h" />
		<Unit filename="../../../cegui/include/CEGUISingleton.h" />
		<Unit filename="../../../cegui/include/CEGUISize.h" />
		<Unit filename="../../../cegui/include/CEGUISlotFunctorBase.h" />
		<Unit filename="../../../cegui/include/CEGUIString.h" />
		<Unit filename="../../../cegui/include/CEGUISubscriberSlot.h" />
		<Unit filename="../../../cegui/include/CEGUISystem.h" />
		<Unit filename="../../../cegui/include/CEGUITextUtils.h" />
		<Unit filename="../../../cegui/include/CEGUITexture.h" />
		<Unit filename="../../../cegui/include/CEGUITextureTarget.h" />
		<Unit filename="../../../cegui/include/CEGUITplWRFactoryRegisterer.h" />
		<Unit filename="../../../cegui/include/CEGUITplWindowFactory.h" />
		<Unit filename="../../../cegui/include/CEGUITplWindowRendererFactory.h" />
		<Unit filename="../../../cegui/include/CEGUIUDim.h" />
		<Unit filename="../../../cegui/include/CEGUIVector.h" />
		<Unit filename="../../../cegui/include/CEGUIVersion.h" />
		<Unit filename="../../../cegui/include/CEGUIVertex.h" />
		<Unit filename="../../../cegui/include/CEGUIWRFactoryRegisterer.h" />
		<Unit filename="../../../cegui/include/CEGUIWidgetModule.h" />
		<Unit filename="../../../cegui/include/CEGUIWindow.h" />
		<Unit filename="../../../cegui/include/CEGUIWindowFactory.h" />
		<Unit filename="../../../cegui/include/CEGUIWindowFactoryManager.h" />
		<Unit filename="../../../cegui/include/CEGUIWindowManager.h" />
		<Unit filename="../../../cegui/include/CEGUIWindowProperties.h" />
		<Unit filename="../../../cegui/include/CEGUIWindowRenderer.h" />
		<Unit filename="../../../cegui/include/CEGUIWindowRendererManager.h" />
		<Unit filename="../../../cegui/include/CEGUIWindowRendererModule.h" />
		<Unit filename="../../../cegui/include/CEGUIXMLAttributes.h" />
		<Unit filename="../../../cegui/include/CEGUIXMLHandler.h" />
		<Unit filename="../../../cegui/include/CEGUIXMLParser.h" />
		<Unit filename="../../../cegui/include/CEGUIXMLSerializer.h" />
		<Unit filename="../../../cegui/include/CEGUIcolour.h" />
		<Unit filename="../../../cegui/include/config.h" />
		<Unit filename="../../../cegui/include/elements/CEGUIAll.h" />
		<Unit filename="../../../cegui/include/elements/CEGUIButtonBase.h" />
		<Unit filename="../../../cegui/include/elements/CEGUICheckbox.h" />
		<Unit filename="../../../cegui/include/elements/CEGUICheckboxProperties.h" />
		<Unit filename="../../../cegui/include/elements/CEGUIClippedContainer.h" />
		<Unit filename="../../../cegui/include/elements/CEGUIComboDropList.h" />
		<Unit filename="../../../cegui/include/elements/CEGUICombobox.h" />
		<Unit filename="../../../cegui/include/elements/CEGUIComboboxProperties.h" />
		<Unit filename="../../../cegui/include/elements/CEGUIDragContainer.h" />
		<Unit filename="../../../cegui/include/elements/CEGUIDragContainerProperties.h" />
		<Unit filename="../../../cegui/include/elements/CEGUIEditbox.h" />
		<Unit filename="../../../cegui/include/elements/CEGUIEditboxProperties.h" />
		<Unit filename="../../../cegui/include/elements/CEGUIFrameWindow.h" />
		<Unit filename="../../../cegui/include/elements/CEGUIFrameWindowProperties.h" />
		<Unit filename="../../../cegui/include/elements/CEGUIGUISheet.h" />
		<Unit filename="../../../cegui/include/elements/CEGUIGridLayoutContainer.h" />
		<Unit filename="../../../cegui/include/elements/CEGUIGridLayoutContainerProperties.h" />
		<Unit filename="../../../cegui/include/elements/CEGUIGroupBox.h" />
		<Unit filename="../../../cegui/include/elements/CEGUIHorizontalLayoutContainer.h" />
		<Unit filename="../../../cegui/include/elements/CEGUIItemEntry.h" />
		<Unit filename="../../../cegui/include/elements/CEGUIItemEntryProperties.h" />
		<Unit filename="../../../cegui/include/elements/CEGUIItemListBase.h" />
		<Unit filename="../../../cegui/include/elements/CEGUIItemListBaseProperties.h" />
		<Unit filename="../../../cegui/include/elements/CEGUIItemListbox.h" />
		<Unit filename="../../../cegui/include/elements/CEGUIItemListboxProperties.h" />
		<Unit filename="../../../cegui/include/elements/CEGUILayoutContainer.h" />
		<Unit filename="../../../cegui/include/elements/CEGUIListHeader.h" />
		<Unit filename="../../../cegui/include/elements/CEGUIListHeaderProperties.h" />
		<Unit filename="../../../cegui/include/elements/CEGUIListHeaderSegment.h" />
		<Unit filename="../../../cegui/include/elements/CEGUIListHeaderSegmentProperties.h" />
		<Unit filename="../../../cegui/include/elements/CEGUIListbox.h" />
		<Unit filename="../../../cegui/include/elements/CEGUIListboxItem.h" />
		<Unit filename="../../../cegui/include/elements/CEGUIListboxProperties.h" />
		<Unit filename="../../../cegui/include/elements/CEGUIListboxTextItem.h" />
		<Unit filename="../../../cegui/include/elements/CEGUIMenuBase.h" />
		<Unit filename="../../../cegui/include/elements/CEGUIMenuBaseProperties.h" />
		<Unit filename="../../../cegui/include/elements/CEGUIMenuItem.h" />
		<Unit filename="../../../cegui/include/elements/CEGUIMenuItemProperties.h" />
		<Unit filename="../../../cegui/include/elements/CEGUIMenubar.h" />
		<Unit filename="../../../cegui/include/elements/CEGUIMultiColumnList.h" />
		<Unit filename="../../../cegui/include/elements/CEGUIMultiColumnListProperties.h" />
		<Unit filename="../../../cegui/include/elements/CEGUIMultiLineEditbox.h" />
		<Unit filename="../../../cegui/include/elements/CEGUIMultiLineEditboxProperties.h" />
		<Unit filename="../../../cegui/include/elements/CEGUIPopupMenu.h" />
		<Unit filename="../../../cegui/include/elements/CEGUIPopupMenuProperties.h" />
		<Unit filename="../../../cegui/include/elements/CEGUIProgressBar.h" />
		<Unit filename="../../../cegui/include/elements/CEGUIProgressBarProperties.h" />
		<Unit filename="../../../cegui/include/elements/CEGUIPushButton.h" />
		<Unit filename="../../../cegui/include/elements/CEGUIRadioButton.h" />
		<Unit filename="../../../cegui/include/elements/CEGUIRadioButtonProperties.h" />
		<Unit filename="../../../cegui/include/elements/CEGUIScrollablePane.h" />
		<Unit filename="../../../cegui/include/elements/CEGUIScrollablePaneProperties.h" />
		<Unit filename="../../../cegui/include/elements/CEGUIScrollbar.h" />
		<Unit filename="../../../cegui/include/elements/CEGUIScrollbarProperties.h" />
		<Unit filename="../../../cegui/include/elements/CEGUIScrolledContainer.h" />
		<Unit filename="../../../cegui/include/elements/CEGUIScrolledContainerProperties.h" />
		<Unit filename="../../../cegui/include/elements/CEGUIScrolledItemListBase.h" />
		<Unit filename="../../../cegui/include/elements/CEGUIScrolledItemListBaseProperties.h" />
		<Unit filename="../../../cegui/include/elements/CEGUISequentialLayoutContainer.h" />
		<Unit filename="../../../cegui/include/elements/CEGUISlider.h" />
		<Unit filename="../../../cegui/include/elements/CEGUISliderProperties.h" />
		<Unit filename="../../../cegui/include/elements/CEGUISpinner.h" />
		<Unit filename="../../../cegui/include/elements/CEGUISpinnerProperties.h" />
		<Unit filename="../../../cegui/include/elements/CEGUITabButton.h" />
		<Unit filename="../../../cegui/include/elements/CEGUITabControl.h" />
		<Unit filename="../../../cegui/include/elements/CEGUITabControlProperties.h" />
		<Unit filename="../../../cegui/include/elements/CEGUIThumb.h" />
		<Unit filename="../../../cegui/include/elements/CEGUIThumbProperties.h" />
		<Unit filename="../../../cegui/include/elements/CEGUITitlebar.h" />
		<Unit filename="../../../cegui/include/elements/CEGUITitlebarProperties.h" />
		<Unit filename="../../../cegui/include/elements/CEGUITooltip.h" />
		<Unit filename="../../../cegui/include/elements/CEGUITooltipProperties.h" />
		<Unit filename="../../../cegui/include/elements/CEGUITree.h" />
		<Unit filename="../../../cegui/include/elements/CEGUITreeItem.h" />
		<Unit filename="../../../cegui/include/elements/CEGUITreeProperties.h" />
		<Unit filename="../../../cegui/include/elements/CEGUIVerticalLayoutContainer.h" />
		<Unit filename="../../../cegui/include/falagard/CEGUIFalComponentBase.h" />
		<Unit filename="../../../cegui/include/falagard/CEGUIFalDimensions.h" />
		<Unit filename="../../../cegui/include/falagard/CEGUIFalEnums.h" />
		<Unit filename="../../../cegui/include/falagard/CEGUIFalFrameComponent.h" />
		<Unit filename="../../../cegui/include/falagard/CEGUIFalImageryComponent.h" />
		<Unit filename="../../../cegui/include/falagard/CEGUIFalImagerySection.h" />
		<Unit filename="../../../cegui/include/falagard/CEGUIFalLayerSpecification.h" />
		<Unit filename="../../../cegui/include/falagard/CEGUIFalNamedArea.h" />
		<Unit filename="../../../cegui/include/falagard/CEGUIFalPropertyDefinition.h" />
		<Unit filename="../../../cegui/include/falagard/CEGUIFalPropertyDefinitionBase.h" />
		<Unit filename="../../../cegui/include/falagard/CEGUIFalPropertyInitialiser.h" />
		<Unit filename="../../../cegui/include/falagard/CEGUIFalPropertyLinkDefinition.h" />
		<Unit filename="../../../cegui/include/falagard/CEGUIFalSectionSpecification.h" />
		<Unit filename="../../../cegui/include/falagard/CEGUIFalStateImagery.h" />
		<Unit filename="../../../cegui/include/falagard/CEGUIFalTextComponent.h" />
		<Unit filename="../../../cegui/include/falagard/CEGUIFalWidgetComponent.h" />
		<Unit filename="../../../cegui/include/falagard/CEGUIFalWidgetLookFeel.h" />
		<Unit filename="../../../cegui/include/falagard/CEGUIFalWidgetLookManager.h" />
		<Unit filename="../../../cegui/include/falagard/CEGUIFalXMLEnumHelper.h" />
		<Unit filename="../../../cegui/include/falagard/CEGUIFalagard_xmlHandler.h" />
		<Unit filename="../../../cegui/src/CEGUIAffector.cpp" />
		<Unit filename="../../../cegui/src/CEGUIAnimation.cpp" />
		<Unit filename="../../../cegui/src/CEGUIAnimationInstance.cpp" />
		<Unit filename="../../../cegui/src/CEGUIAnimationManager.cpp" />
		<Unit filename="../../../cegui/src/CEGUIAnimation_xmlHandler.cpp" />
		<Unit filename="../../../cegui/src/CEGUIBase.cpp" />
		<Unit filename="../../../cegui/src/CEGUIBasicInterpolators.cpp" />
		<Unit filename="../../../cegui/src/CEGUIBasicRenderedStringParser.cpp" />
		<Unit filename="../../../cegui/src/CEGUIBiDiVisualMapping.cpp" />
		<Unit filename="../../../cegui/src/CEGUIBoundSlot.cpp" />
		<Unit filename="../../../cegui/src/CEGUICentredRenderedString.cpp" />
		<Unit filename="../../../cegui/src/CEGUIChainedXMLHandler.cpp" />
		<Unit filename="../../../cegui/src/CEGUIColourRect.cpp" />
		<Unit filename="../../../cegui/src/CEGUIConfig_xmlHandler.cpp" />
		<Unit filename="../../../cegui/src/CEGUICoordConverter.cpp" />
		<Unit filename="../../../cegui/src/CEGUIDataContainer.cpp" />
		<Unit filename="../../../cegui/src/CEGUIDefaultLogger.cpp" />
		<Unit filename="../../../cegui/src/CEGUIDefaultRenderedStringParser.cpp" />
		<Unit filename="../../../cegui/src/CEGUIDefaultResourceProvider.cpp" />
		<Unit filename="../../../cegui/src/CEGUIDynamicModule.cpp" />
		<Unit filename="../../../cegui/src/CEGUIEvent.cpp" />
		<Unit filename="../../../cegui/src/CEGUIEventArgs.cpp" />
		<Unit filename="../../../cegui/src/CEGUIEventSet.cpp" />
		<Unit filename="../../../cegui/src/CEGUIEventSignal.cpp" />
		<Unit filename="../../../cegui/src/CEGUIEventSignalSet.cpp" />
		<Unit filename="../../../cegui/src/CEGUIExceptions.cpp" />
		<Unit filename="../../../cegui/src/CEGUIFactoryModule.cpp" />
		<Unit filename="../../../cegui/src/CEGUIFont.cpp" />
		<Unit filename="../../../cegui/src/CEGUIFontManager.cpp" />
		<Unit filename="../../../cegui/src/CEGUIFontProperties.cpp" />
		<Unit filename="../../../cegui/src/CEGUIFont_xmlHandler.cpp" />
		<Unit filename="../../../cegui/src/CEGUIFormattedRenderedString.cpp" />
		<Unit filename="../../../cegui/src/CEGUIFreeTypeFont.cpp" />
		<Unit filename="../../../cegui/src/CEGUIGUILayout_xmlHandler.cpp" />
		<Unit filename="../../../cegui/src/CEGUIGeometryBuffer.cpp" />
		<Unit filename="../../../cegui/src/CEGUIGlobalEventSet.cpp" />
		<Unit filename="../../../cegui/src/CEGUIImage.cpp" />
		<Unit filename="../../../cegui/src/CEGUIImageCodec.cpp" />
		<Unit filename="../../../cegui/src/CEGUIImageset.cpp" />
		<Unit filename="../../../cegui/src/CEGUIImagesetManager.cpp" />
		<Unit filename="../../../cegui/src/CEGUIImageset_xmlHandler.cpp" />
		<Unit filename="../../../cegui/src/CEGUIJustifiedRenderedString.cpp" />
		<Unit filename="../../../cegui/src/CEGUIJustifiedRenderedStringWordWrapper.cpp" />
		<Unit filename="../../../cegui/src/CEGUIKeyFrame.cpp" />
		<Unit filename="../../../cegui/src/CEGUILeftAlignedRenderedString.cpp" />
		<Unit filename="../../../cegui/src/CEGUILogger.cpp" />
		<Unit filename="../../../cegui/src/CEGUIMinibidiVisualMapping.cpp" />
		<Unit filename="../../../cegui/src/CEGUIMinizipResourceProvider.cpp" />
		<Unit filename="../../../cegui/src/CEGUIMouseCursor.cpp" />
		<Unit filename="../../../cegui/src/CEGUINamedXMLResourceManager.cpp" />
		<Unit filename="../../../cegui/src/CEGUIPCRERegexMatcher.cpp" />
		<Unit filename="../../../cegui/src/CEGUIPixmapFont.cpp" />
		<Unit filename="../../../cegui/src/CEGUIProperty.cpp" />
		<Unit filename="../../../cegui/src/CEGUIPropertyHelper.cpp" />
		<Unit filename="../../../cegui/src/CEGUIPropertySet.cpp" />
		<Unit filename="../../../cegui/src/CEGUIRect.cpp" />
		<Unit filename="../../../cegui/src/CEGUIRenderEffectManager.cpp" />
		<Unit filename="../../../cegui/src/CEGUIRenderQueue.cpp" />
		<Unit filename="../../../cegui/src/CEGUIRenderedString.cpp" />
		<Unit filename="../../../cegui/src/CEGUIRenderedStringComponent.cpp" />
		<Unit filename="../../../cegui/src/CEGUIRenderedStringImageComponent.cpp" />
		<Unit filename="../../../cegui/src/CEGUIRenderedStringTextComponent.cpp" />
		<Unit filename="../../../cegui/src/CEGUIRenderedStringWidgetComponent.cpp" />
		<Unit filename="../../../cegui/src/CEGUIRenderingRoot.cpp" />
		<Unit filename="../../../cegui/src/CEGUIRenderingSurface.cpp" />
		<Unit filename="../../../cegui/src/CEGUIRenderingWindow.cpp" />
		<Unit filename="../../../cegui/src/CEGUIRightAlignedRenderedString.cpp" />
		<Unit filename="../../../cegui/src/CEGUIScheme.cpp" />
		<Unit filename="../../../cegui/src/CEGUISchemeManager.cpp" />
		<Unit filename="../../../cegui/src/CEGUIScheme_xmlHandler.cpp" />
		<Unit filename="../../../cegui/src/CEGUIScriptModule.cpp" />
		<Unit filename="../../../cegui/src/CEGUISize.cpp" />
		<Unit filename="../../../cegui/src/CEGUIString.cpp" />
		<Unit filename="../../../cegui/src/CEGUISubscriberSlot.cpp" />
		<Unit filename="../../../cegui/src/CEGUISystem.cpp" />
		<Unit filename="../../../cegui/src/CEGUITextUtils.cpp" />
		<Unit filename="../../../cegui/src/CEGUIWRFactoryRegisterer.cpp" />
		<Unit filename="../../../cegui/src/CEGUIWindow.cpp" />
		<Unit filename="../../../cegui/src/CEGUIWindowFactory.cpp" />
		<Unit filename="../../../cegui/src/CEGUIWindowFactoryManager.cpp" />
		<Unit filename="../../../cegui/src/CEGUIWindowManager.cpp" />
		<Unit filename="../../../cegui/src/CEGUIWindowProperties.cpp" />
		<Unit filename="../../../cegui/src/CEGUIWindowRenderer.cpp" />
		<Unit filename="../../../cegui/src/CEGUIWindowRendererManager.cpp" />
		<Unit filename="../../../cegui/src/CEGUIWindowRendererModule.cpp" />
		<Unit filename="../../../cegui/src/CEGUIXMLAttributes.cpp" />
		<Unit filename="../../../cegui/src/CEGUIXMLHandler.cpp" />
		<Unit filename="../../../cegui/src/CEGUIXMLParser.cpp" />
		<Unit filename="../../../cegui/src/CEGUIXMLSerializer.cpp" />
		<Unit filename="../../../cegui/src/CEGUIcolour.cpp" />
		<Unit filename="../../../cegui/src/elements/CEGUIButtonBase.cpp" />
		<Unit filename="../../../cegui/src/elements/CEGUICheckbox.cpp" />
		<Unit filename="../../../cegui/src/elements/CEGUICheckboxProperties.cpp" />
		<Unit filename="../../../cegui/src/elements/CEGUIClippedContainer.cpp" />
		<Unit filename="../../../cegui/src/elements/CEGUIComboDropList.cpp" />
		<Unit filename="../../../cegui/src/elements/CEGUICombobox.cpp" />
		<Unit filename="../../../cegui/src/elements/CEGUIComboboxProperties.cpp" />
		<Unit filename="../../../cegui/src/elements/CEGUIDragContainer.cpp" />
		<Unit filename="../../../cegui/src/elements/CEGUIDragContainerProperties.cpp" />
		<Unit filename="../../../cegui/src/elements/CEGUIEditbox.cpp" />
		<Unit filename="../../../cegui/src/elements/CEGUIEditboxProperties.cpp" />
		<Unit filename="../../../cegui/src/elements/CEGUIFrameWindow.cpp" />
		<Unit filename="../../../cegui/src/elements/CEGUIFrameWindowProperties.cpp" />
		<Unit filename="../../../cegui/src/elements/CEGUIGUISheet.cpp" />
		<Unit filename="../../../cegui/src/elements/CEGUIGridLayoutContainer.cpp" />
		<Unit filename="../../../cegui/src/elements/CEGUIGridLayoutContainerProperties.cpp" />
		<Unit filename="../../../cegui/src/elements/CEGUIGroupBox.cpp" />
		<Unit filename="../../../cegui/src/elements/CEGUIHorizontalLayoutContainer.cpp" />
		<Unit filename="../../../cegui/src/elements/CEGUIItemEntry.cpp" />
		<Unit filename="../../../cegui/src/elements/CEGUIItemEntryProperties.cpp" />
		<Unit filename="../../../cegui/src/elements/CEGUIItemListBase.cpp" />
		<Unit filename="../../../cegui/src/elements/CEGUIItemListBaseProperties.cpp" />
		<Unit filename="../../../cegui/src/elements/CEGUIItemListbox.cpp" />
		<Unit filename="../../../cegui/src/elements/CEGUIItemListboxProperties.cpp" />
		<Unit filename="../../../cegui/src/elements/CEGUILayoutContainer.cpp" />
		<Unit filename="../../../cegui/src/elements/CEGUIListHeader.cpp" />
		<Unit filename="../../../cegui/src/elements/CEGUIListHeaderProperties.cpp" />
		<Unit filename="../../../cegui/src/elements/CEGUIListHeaderSegment.cpp" />
		<Unit filename="../../../cegui/src/elements/CEGUIListHeaderSegmentProperties.cpp" />
		<Unit filename="../../../cegui/src/elements/CEGUIListbox.cpp" />
		<Unit filename="../../../cegui/src/elements/CEGUIListboxItem.cpp" />
		<Unit filename="../../../cegui/src/elements/CEGUIListboxProperties.cpp" />
		<Unit filename="../../../cegui/src/elements/CEGUIListboxTextItem.cpp" />
		<Unit filename="../../../cegui/src/elements/CEGUIMenuBase.cpp" />
		<Unit filename="../../../cegui/src/elements/CEGUIMenuBaseProperties.cpp" />
		<Unit filename="../../../cegui/src/elements/CEGUIMenuItem.cpp" />
		<Unit filename="../../../cegui/src/elements/CEGUIMenuItemProperties.cpp" />
		<Unit filename="../../../cegui/src/elements/CEGUIMenubar.cpp" />
		<Unit filename="../../../cegui/src/elements/CEGUIMultiColumnList.cpp" />
		<Unit filename="../../../cegui/src/elements/CEGUIMultiColumnListProperties.cpp" />
		<Unit filename="../../../cegui/src/elements/CEGUIMultiLineEditbox.cpp" />
		<Unit filename="../../../cegui/src/elements/CEGUIMultiLineEditboxProperties.cpp" />
		<Unit filename="../../../cegui/src/elements/CEGUIPopupMenu.cpp" />
		<Unit filename="../../../cegui/src/elements/CEGUIPopupMenuProperties.cpp" />
		<Unit filename="../../../cegui/src/elements/CEGUIProgressBar.cpp" />
		<Unit filename="../../../cegui/src/elements/CEGUIProgressBarProperties.cpp" />
		<Unit filename="../../../cegui/src/elements/CEGUIPushButton.cpp" />
		<Unit filename="../../../cegui/src/elements/CEGUIRadioButton.cpp" />
		<Unit filename="../../../cegui/src/elements/CEGUIRadioButtonProperties.cpp" />
		<Unit filename="../../../cegui/src/elements/CEGUIScrollablePane.cpp" />
		<Unit filename="../../../cegui/src/elements/CEGUIScrollablePaneProperties.cpp" />
		<Unit filename="../../../cegui/src/elements/CEGUIScrollbar.cpp" />
		<Unit filename="../../../cegui/src/elements/CEGUIScrollbarProperties.cpp" />
		<Unit filename="../../../cegui/src/elements/CEGUIScrolledContainer.cpp" />
		<Unit filename="../../../cegui/src/elements/CEGUIScrolledContainerProperties.cpp" />
		<Unit filename="../../../cegui/src/elements/CEGUIScrolledItemListBase.cpp" />
		<Unit filename="../../../cegui/src/elements/CEGUIScrolledItemListBaseProperties.cpp" />
		<Unit filename="../../../cegui/src/elements/CEGUISequentialLayoutContainer.cpp" />
		<Unit filename="../../../cegui/src/elements/CEGUISlider.cpp" />
		<Unit filename="../../../cegui/src/elements/CEGUISliderProperties.cpp" />
		<Unit filename="../../../cegui/src/elements/CEGUISpinner.cpp" />
		<Unit filename="../../../cegui/src/elements/CEGUISpinnerProperties.cpp" />
		<Unit filename="../../../cegui/src/elements/CEGUITabButton.cpp" />
		<Unit filename="../../../cegui/src/elements/CEGUITabControl.cpp" />
		<Unit filename="../../../cegui/src/elements/CEGUITabControlProperties.cpp" />
		<Unit filename="../../../cegui/src/elements/CEGUIThumb.cpp" />
		<Unit filename="../../../cegui/src/elements/CEGUIThumbProperties.cpp" />
		<Unit filename="../../../cegui/src/elements/CEGUITitlebar.cpp" />
		<Unit filename="../../../cegui/src/elements/CEGUITitlebarProperties.cpp" />
		<Unit filename="../../../cegui/src/elements/CEGUITooltip.cpp" />
		<Unit filename="../../../cegui/src/elements/CEGUITooltipProperties.cpp" />
		<Unit filename="../../../cegui/src/elements/CEGUITree.cpp" />
		<Unit filename="../../../cegui/src/elements/CEGUITreeItem.cpp" />
		<Unit filename="../../../cegui/src/elements/CEGUITreeProperties.cpp" />
		<Unit filename="../../../cegui/src/elements/CEGUIVerticalLayoutContainer.cpp" />
		<Unit filename="../../../cegui/src/falagard/CEGUIFalComponentBase.cpp" />
		<Unit filename="../../../cegui/src/falagard/CEGUIFalDimensions.cpp" />
		<Unit filename="../../../cegui/src/falagard/CEGUIFalFrameComponent.cpp" />
		<Unit filename="../../../cegui/src/falagard/CEGUIFalImageryComponent.cpp" />
		<Unit filename="../../../cegui/src/falagard/CEGUIFalImagerySection.cpp" />
		<Unit filename="../../../cegui/src/falagard/CEGUIFalLayerSpecification.cpp" />
		<Unit filename="../../../cegui/src/falagard/CEGUIFalNamedArea.cpp" />
		<Unit filename="../../../cegui/src/falagard/CEGUIFalPropertyDefinition.cpp" />
		<Unit filename="../../../cegui/src/falagard/CEGUIFalPropertyDefinitionBase.cpp" />
		<Unit filename="../../../cegui/src/falagard/CEGUIFalPropertyInitialiser.cpp" />
		<Unit filename="../../../cegui/src/falagard/CEGUIFalPropertyLinkDefinition.cpp" />
		<Unit filename="../../../cegui/src/falagard/CEGUIFalSectionSpecification.cpp" />
		<Unit filename="../../../cegui/src/falagard/CEGUIFalStateImagery.cpp" />
		<Unit filename="../../../cegui/src/falagard/CEGUIFalTextComponent.cpp" />
		<Unit filename="../../../cegui/src/falagard/CEGUIFalWidgetComponent.cpp" />
		<Unit filename="../../../cegui/src/falagard/CEGUIFalWidgetLookFeel.cpp" />
		<Unit filename="../../../cegui/src/falagard/CEGUIFalWidgetLookManager.cpp" />
		<Unit filename="../../../cegui/src/falagard/CEGUIFalXMLEnumHelper.cpp" />
		<Unit filename="../../../cegui/src/falagard/CEGUIFalagard_xmlHandler.cpp" />
		<Extensions>
			<envvars />
			<code_completion />
			<debugger />
			<lib_finder>
				<lib name="freetype2" />
				<lib name="libpcre" />
			</lib_finder>
		</Extensions>
	</Project>
</CodeBlocks_project_file>
