<?xml version="1.0" encoding="UTF-8" standalone="yes" ?>
<CodeBlocks_project_file>
	<FileVersion major="1" minor="6" />
	<Project>
		<Option title="tests" />
		<Option pch_mode="2" />
		<Option compiler="gcc" />
		<Build>
			<Target title="Debug Win32">
				<Option output="tests" prefix_auto="1" extension_auto="1" />
				<Option object_output="Debug" />
				<Option type="1" />
				<Option compiler="gcc" />
				<Compiler>
					<Add option="-DWIN32" />
					<Add option="-D_DEBUG" />
					<Add option="-D_CONSOLE" />
					<Add option="-W" />
					<Add option="-g" />
					<Add option="-O0" />
					<Add directory="../src" />
					<Add directory="." />
				</Compiler>
				<ResourceCompiler>
					<Add directory="../src" />
					<Add directory="." />
				</ResourceCompiler>
			</Target>
			<Target title="Release Win32">
				<Option output="tests" prefix_auto="1" extension_auto="1" />
				<Option object_output="Release" />
				<Option type="1" />
				<Option compiler="gcc" />
				<Compiler>
					<Add option="-DWIN32" />
					<Add option="-DNDEBUG" />
					<Add option="-D_CONSOLE" />
					<Add option="-W" />
					<Add directory="../src" />
					<Add directory="." />
				</Compiler>
				<ResourceCompiler>
					<Add directory="../src" />
					<Add directory="." />
				</ResourceCompiler>
			</Target>
		</Build>
		<Unit filename="../src/google/protobuf/compiler/cpp/cpp_test_bad_identifiers.proto" />
		<Unit filename="../src/google/protobuf/unittest.proto" />
		<Unit filename="../src/google/protobuf/unittest_import.proto" />
		<Unit filename="../src/google/protobuf/unittest_mset.proto" />
		<Unit filename="../src/google/protobuf/unittest_optimize_for.proto" />
		<Unit filename="../src/google/protobuf/unittest_embed_optimize_for.proto" />
		<Unit filename="../src/google/protobuf/unittest_custom_options.proto" />
		<Unit filename="google/protobuf/compiler/cpp/cpp_test_bad_identifiers.pb.h" />
		<Unit filename="../src/google/protobuf/testing/file.h" />
		<Unit filename="../src/google/protobuf/testing/googletest.h" />
		<Unit filename="../src/gtest/internal/gtest-death-test-internal.h" />
		<Unit filename="../src/gtest/gtest-death-test.h" />
		<Unit filename="../src/gtest/internal/gtest-filepath.h" />
		<Unit filename="../src/gtest/gtest-internal-inl.h" />
		<Unit filename="../src/gtest/internal/gtest-internal.h" />
		<Unit filename="../src/gtest/gtest-message.h" />
		<Unit filename="../src/gtest/internal/gtest-port.h" />
		<Unit filename="../src/gtest/gtest-spi.h" />
		<Unit filename="../src/gtest/internal/gtest-string.h" />
		<Unit filename="../src/gtest/gtest.h" />
		<Unit filename="../src/gtest/gtest_pred_impl.h" />
		<Unit filename="../src/gtest/gtest_prod.h" />
		<Unit filename="../src/google/protobuf/test_util.h" />
		<Unit filename="google/protobuf/unittest.pb.h" />
		<Unit filename="google/protobuf/unittest_import.pb.h" />
		<Unit filename="google/protobuf/unittest_mset.pb.h" />
		<Unit filename="google/protobuf/unittest_optimize_for.pb.h" />
		<Unit filename="google/protobuf/unittest_embed_optimize_for.pb.h" />
		<Unit filename="google/protobuf/unittest_custom_options.pb.h" />
		<Unit filename="../src/google/protobuf/stubs/common_unittest.cc" />
		<Unit filename="../src/google/protobuf/stubs/strutil_unittest.cc" />
		<Unit filename="../src/google/protobuf/stubs/structurally_valid_unittest.cc" />
		<Unit filename="../src/google/protobuf/io/coded_stream_unittest.cc" />
		<Unit filename="../src/google/protobuf/compiler/command_line_interface_unittest.cc" />
		<Unit filename="../src/google/protobuf/compiler/cpp/cpp_bootstrap_unittest.cc" />
		<Unit filename="google/protobuf/compiler/cpp/cpp_test_bad_identifiers.pb.cc" />
		<Unit filename="../src/google/protobuf/compiler/cpp/cpp_unittest.cc" />
		<Unit filename="../src/google/protobuf/descriptor_database_unittest.cc" />
		<Unit filename="../src/google/protobuf/descriptor_unittest.cc" />
		<Unit filename="../src/google/protobuf/dynamic_message_unittest.cc" />
		<Unit filename="../src/google/protobuf/extension_set_unittest.cc" />
		<Unit filename="../src/google/protobuf/testing/file.cc" />
		<Unit filename="../src/google/protobuf/generated_message_reflection_unittest.cc" />
		<Unit filename="../src/google/protobuf/testing/googletest.cc" />
		<Unit filename="../src/gtest/gtest-death-test.cc" />
		<Unit filename="../src/gtest/gtest-filepath.cc" />
		<Unit filename="../src/gtest/gtest-port.cc" />
		<Unit filename="../src/gtest/gtest.cc" />
		<Unit filename="../src/gtest/gtest_main.cc" />
		<Unit filename="../src/google/protobuf/compiler/importer_unittest.cc" />
		<Unit filename="../src/google/protobuf/message_unittest.cc" />
		<Unit filename="../src/google/protobuf/compiler/parser_unittest.cc" />
		<Unit filename="../src/google/protobuf/io/printer_unittest.cc" />
		<Unit filename="../src/google/protobuf/reflection_ops_unittest.cc" />
		<Unit filename="../src/google/protobuf/repeated_field_unittest.cc" />
		<Unit filename="../src/google/protobuf/test_util.cc" />
		<Unit filename="../src/google/protobuf/text_format_unittest.cc" />
		<Unit filename="../src/google/protobuf/io/tokenizer_unittest.cc" />
		<Unit filename="google/protobuf/unittest.pb.cc" />
		<Unit filename="google/protobuf/unittest_import.pb.cc" />
		<Unit filename="google/protobuf/unittest_mset.pb.cc" />
		<Unit filename="google/protobuf/unittest_optimize_for.pb.cc" />
		<Unit filename="google/protobuf/unittest_embed_optimize_for.pb.cc" />
		<Unit filename="google/protobuf/unittest_custom_options.pb.cc" />
		<Unit filename="../src/google/protobuf/unknown_field_set_unittest.cc" />
		<Unit filename="../src/google/protobuf/wire_format_unittest.cc" />
		<Unit filename="../src/google/protobuf/io/zero_copy_stream_unittest.cc" />
		<Extensions>
			<code_completion />
			<envvars />
			<debugger />
			<lib_finder disable_auto="1" />
		</Extensions>
	</Project>
</CodeBlocks_project_file>
